// !$*UTF8*$!
{
	archiveVersion = 1;
	classes = {
	};
	objectVersion = 56;
	objects = {

/* Begin PBXBuildFile section */
		A31BF7B52A3AD21900B3B3C8 /* URLSessionHTTPClientTests.swift in Sources */ = {isa = PBXBuildFile; fileRef = A31BF7B42A3AD21900B3B3C8 /* URLSessionHTTPClientTests.swift */; };
		A323A38C2A32F20300EBCB34 /* RemoteFeedLoader.swift in Sources */ = {isa = PBXBuildFile; fileRef = A323A38B2A32F20300EBCB34 /* RemoteFeedLoader.swift */; };
		A323C94E2A6D64FE00FA7B2A /* LoadFeedFromCacheUseCaseTests.swift in Sources */ = {isa = PBXBuildFile; fileRef = A323C94D2A6D64FE00FA7B2A /* LoadFeedFromCacheUseCaseTests.swift */; };
		A340D47A2A3DA647009A7965 /* HTTPSessionURLClient.swift in Sources */ = {isa = PBXBuildFile; fileRef = A340D4792A3DA647009A7965 /* HTTPSessionURLClient.swift */; };
		A340D4832A3E04A5009A7965 /* FeedLoaderApiEndToEndTests.swift in Sources */ = {isa = PBXBuildFile; fileRef = A340D4822A3E04A5009A7965 /* FeedLoaderApiEndToEndTests.swift */; };
		A340D4842A3E04A5009A7965 /* FeedLoader.framework in Frameworks */ = {isa = PBXBuildFile; fileRef = A3EE1BF92A31A025000AD9EE /* FeedLoader.framework */; };
		A340D48A2A3E0AE1009A7965 /* XCTTestCase+memoryLeakHelper.swift in Sources */ = {isa = PBXBuildFile; fileRef = A383BFC82A3C327B006A422C /* XCTTestCase+memoryLeakHelper.swift */; };
		A35989292A66F424004A00D9 /* LocalFeedLoader.swift in Sources */ = {isa = PBXBuildFile; fileRef = A35989282A66F424004A00D9 /* LocalFeedLoader.swift */; };
		A359892B2A66F4D9004A00D9 /* FeedStore.swift in Sources */ = {isa = PBXBuildFile; fileRef = A359892A2A66F4D9004A00D9 /* FeedStore.swift */; };
		A36D08A82A85727300EDE0CA /* ValidateFeedCacheUseCaseTest.swift in Sources */ = {isa = PBXBuildFile; fileRef = A36D08A72A85727300EDE0CA /* ValidateFeedCacheUseCaseTest.swift */; };
		A36D08AA2A857C2700EDE0CA /* FeedCacheTestHelper.swift in Sources */ = {isa = PBXBuildFile; fileRef = A36D08A92A857C2700EDE0CA /* FeedCacheTestHelper.swift */; };
		A36D08AB2A857CE100EDE0CA /* FeedCacheTestHelper.swift in Sources */ = {isa = PBXBuildFile; fileRef = A36D08A92A857C2700EDE0CA /* FeedCacheTestHelper.swift */; };
		A383BFC92A3C327B006A422C /* XCTTestCase+memoryLeakHelper.swift in Sources */ = {isa = PBXBuildFile; fileRef = A383BFC82A3C327B006A422C /* XCTTestCase+memoryLeakHelper.swift */; };
		A39F505A2A38376100E0FF87 /* HTTPClient.swift in Sources */ = {isa = PBXBuildFile; fileRef = A39F50592A38376100E0FF87 /* HTTPClient.swift */; };
		A39F505C2A3837BA00E0FF87 /* FeedItemsMapper.swift in Sources */ = {isa = PBXBuildFile; fileRef = A39F505B2A3837BA00E0FF87 /* FeedItemsMapper.swift */; };
		A3A18C392A70169000134CE1 /* FeedStoreSpy.swift in Sources */ = {isa = PBXBuildFile; fileRef = A3A18C382A70169000134CE1 /* FeedStoreSpy.swift */; };
		A3EAF9372A683C4500481482 /* RemoteFeedItem.swift in Sources */ = {isa = PBXBuildFile; fileRef = A3EAF9362A683C4500481482 /* RemoteFeedItem.swift */; };
		A3EAF9392A683C6300481482 /* LocalFeedImage.swift in Sources */ = {isa = PBXBuildFile; fileRef = A3EAF9382A683C6300481482 /* LocalFeedImage.swift */; };
		A3EE1BFE2A31A025000AD9EE /* FeedLoader.docc in Sources */ = {isa = PBXBuildFile; fileRef = A3EE1BFD2A31A025000AD9EE /* FeedLoader.docc */; };
		A3EE1C042A31A025000AD9EE /* FeedLoader.framework in Frameworks */ = {isa = PBXBuildFile; fileRef = A3EE1BF92A31A025000AD9EE /* FeedLoader.framework */; };
		A3EE1C092A31A025000AD9EE /* LoadFeedFromRemoteUseCase.swift in Sources */ = {isa = PBXBuildFile; fileRef = A3EE1C082A31A025000AD9EE /* LoadFeedFromRemoteUseCase.swift */; };
		A3EE1C0A2A31A025000AD9EE /* FeedLoader.h in Headers */ = {isa = PBXBuildFile; fileRef = A3EE1BFC2A31A025000AD9EE /* FeedLoader.h */; settings = {ATTRIBUTES = (Public, ); }; };
		A3EE1C152A31A057000AD9EE /* FeedImage.swift in Sources */ = {isa = PBXBuildFile; fileRef = A3EE1C132A31A057000AD9EE /* FeedImage.swift */; };
		A3EE1C162A31A057000AD9EE /* FeedLoader.swift in Sources */ = {isa = PBXBuildFile; fileRef = A3EE1C142A31A057000AD9EE /* FeedLoader.swift */; };
		A3F84EAC2A5E8A36006E92C8 /* FeedCacheUseCaseTests.swift in Sources */ = {isa = PBXBuildFile; fileRef = A3F84EAB2A5E8A36006E92C8 /* FeedCacheUseCaseTests.swift */; };
		CB0816A82A87E50600EB5810 /* FeedCachePolicy.swift in Sources */ = {isa = PBXBuildFile; fileRef = CB0816A72A87E50600EB5810 /* FeedCachePolicy.swift */; };
		CB2A2FA52AC6924C00C50D87 /* FeedPresenter.swift in Sources */ = {isa = PBXBuildFile; fileRef = CB2A2FA42AC6924C00C50D87 /* FeedPresenter.swift */; };
		CB2A2FA72ACA88AF00C50D87 /* FeedStoryboard.storyboard in Resources */ = {isa = PBXBuildFile; fileRef = CB2A2FA62ACA88AF00C50D87 /* FeedStoryboard.storyboard */; };
		CB2A2FA92ACA88FF00C50D87 /* FeedAssets.xcassets in Resources */ = {isa = PBXBuildFile; fileRef = CB2A2FA82ACA88FF00C50D87 /* FeedAssets.xcassets */; };
		CB30BCC42A91061700088283 /* CodableFeedStore.swift in Sources */ = {isa = PBXBuildFile; fileRef = CB30BCC32A91061700088283 /* CodableFeedStore.swift */; };
		CB3B2DAF2A95D07600CA52C7 /* FeedStoreSpecs.swift in Sources */ = {isa = PBXBuildFile; fileRef = CB3B2DAE2A95D07600CA52C7 /* FeedStoreSpecs.swift */; };
		CB3B2DB12A95D14100CA52C7 /* XCTest+FeedStoreSpecs.swift in Sources */ = {isa = PBXBuildFile; fileRef = CB3B2DB02A95D14100CA52C7 /* XCTest+FeedStoreSpecs.swift */; };
		CB3B2DBA2A99F14700CA52C7 /* FeedLoaderCacheIntegrationTests.swift in Sources */ = {isa = PBXBuildFile; fileRef = CB3B2DB92A99F14700CA52C7 /* FeedLoaderCacheIntegrationTests.swift */; };
		CB3B2DBB2A99F14700CA52C7 /* FeedLoader.framework in Frameworks */ = {isa = PBXBuildFile; fileRef = A3EE1BF92A31A025000AD9EE /* FeedLoader.framework */; };
		CB3B2DC32A9A43B600CA52C7 /* FeedLoaderCoreDataTests.swift in Sources */ = {isa = PBXBuildFile; fileRef = CB3B2DC22A9A43B600CA52C7 /* FeedLoaderCoreDataTests.swift */; };
		CB3B2DC62A9A45DE00CA52C7 /* CoreDataFeedStore.swift in Sources */ = {isa = PBXBuildFile; fileRef = CB3B2DC42A9A459B00CA52C7 /* CoreDataFeedStore.swift */; };
		CB3B2DCE2A9B5C6E00CA52C7 /* FeedStore.xcdatamodeld in Sources */ = {isa = PBXBuildFile; fileRef = CB3B2DCB2A9B5A5800CA52C7 /* FeedStore.xcdatamodeld */; };
		CB3B2DD12A9C671D00CA52C7 /* CoreDataHelpers.swift in Sources */ = {isa = PBXBuildFile; fileRef = CB3B2DD02A9C671D00CA52C7 /* CoreDataHelpers.swift */; };
		CB3B2DD32A9C676100CA52C7 /* ManagedCache.swift in Sources */ = {isa = PBXBuildFile; fileRef = CB3B2DD22A9C676100CA52C7 /* ManagedCache.swift */; };
		CB3B2DD52A9C678700CA52C7 /* ManageFeedImage.swift in Sources */ = {isa = PBXBuildFile; fileRef = CB3B2DD42A9C678700CA52C7 /* ManageFeedImage.swift */; };
		CB3B2DD62A9DA86400CA52C7 /* XCTTestCase+memoryLeakHelper.swift in Sources */ = {isa = PBXBuildFile; fileRef = A383BFC82A3C327B006A422C /* XCTTestCase+memoryLeakHelper.swift */; };
		CB3B2DD72A9DAAF900CA52C7 /* FeedCacheTestHelper.swift in Sources */ = {isa = PBXBuildFile; fileRef = A36D08A92A857C2700EDE0CA /* FeedCacheTestHelper.swift */; };
		CB6702B92AB0371E00C9D3FD /* FeedImageCell.swift in Sources */ = {isa = PBXBuildFile; fileRef = CB6702B82AB0371E00C9D3FD /* FeedImageCell.swift */; };
		CB6702BB2AB2D06600C9D3FD /* UIView+Simmering.swift in Sources */ = {isa = PBXBuildFile; fileRef = CB6702BA2AB2D06600C9D3FD /* UIView+Simmering.swift */; };
		CB6702C12AB9688300C9D3FD /* FeedImageDataLoader.swift in Sources */ = {isa = PBXBuildFile; fileRef = CB6702C02AB9688300C9D3FD /* FeedImageDataLoader.swift */; };
		CB6702C32AB96B6100C9D3FD /* FeedRefreshViewController.swift in Sources */ = {isa = PBXBuildFile; fileRef = CB6702C22AB96B6100C9D3FD /* FeedRefreshViewController.swift */; };
		CB6702C52AB975B100C9D3FD /* FeedImageCellController.swift in Sources */ = {isa = PBXBuildFile; fileRef = CB6702C42AB975B100C9D3FD /* FeedImageCellController.swift */; };
		CB6702CA2ABABB0400C9D3FD /* FeedUIComposer.swift in Sources */ = {isa = PBXBuildFile; fileRef = CB6702C92ABABB0400C9D3FD /* FeedUIComposer.swift */; };
		CB80F5C32AA9981A0059453D /* EssentialFeediOS.framework in Frameworks */ = {isa = PBXBuildFile; fileRef = CB80F5BB2AA9981A0059453D /* EssentialFeediOS.framework */; };
		CB80F5D32AAAE36B0059453D /* FeedUIIntegrationTests.swift in Sources */ = {isa = PBXBuildFile; fileRef = CB80F5D22AAAE36A0059453D /* FeedUIIntegrationTests.swift */; };
		CB80F5E02AAAE95D0059453D /* FeedLoader.framework in Frameworks */ = {isa = PBXBuildFile; fileRef = A3EE1BF92A31A025000AD9EE /* FeedLoader.framework */; platformFilter = ios; };
		CB80F5E12AAAE95D0059453D /* FeedLoader.framework in Embed Frameworks */ = {isa = PBXBuildFile; fileRef = A3EE1BF92A31A025000AD9EE /* FeedLoader.framework */; platformFilter = ios; settings = {ATTRIBUTES = (CodeSignOnCopy, RemoveHeadersOnCopy, ); }; };
		CB965DE52AC2A2D3005854B0 /* FeedImageCellModel.swift in Sources */ = {isa = PBXBuildFile; fileRef = CB965DE42AC2A2D3005854B0 /* FeedImageCellModel.swift */; };
		CBA3EC062AAEDC3800235AFC /* FeedViewController.swift in Sources */ = {isa = PBXBuildFile; fileRef = CBA3EC052AAEDC3800235AFC /* FeedViewController.swift */; };
		CBCD68232AD51A4C00710B05 /* UITableView+Dequeueing.swift in Sources */ = {isa = PBXBuildFile; fileRef = CBCD68222AD51A4C00710B05 /* UITableView+Dequeueing.swift */; };
		CBCD68252AD51B8C00710B05 /* UIImageView+Animations.swift in Sources */ = {isa = PBXBuildFile; fileRef = CBCD68242AD51B8C00710B05 /* UIImageView+Animations.swift */; };
		CBCD68282AD66F8900710B05 /* Feed.strings in Resources */ = {isa = PBXBuildFile; fileRef = CBCD682A2AD66F8900710B05 /* Feed.strings */; };
		CBCD682E2AD6709100710B05 /* FeedLocalizationTests.swift in Sources */ = {isa = PBXBuildFile; fileRef = CBCD682D2AD6709100710B05 /* FeedLocalizationTests.swift */; };
/* End PBXBuildFile section */

/* Begin PBXContainerItemProxy section */
		A340D4852A3E04A5009A7965 /* PBXContainerItemProxy */ = {
			isa = PBXContainerItemProxy;
			containerPortal = A3EE1BF02A31A025000AD9EE /* Project object */;
			proxyType = 1;
			remoteGlobalIDString = A3EE1BF82A31A025000AD9EE;
			remoteInfo = FeedLoader;
		};
		A3EE1C052A31A025000AD9EE /* PBXContainerItemProxy */ = {
			isa = PBXContainerItemProxy;
			containerPortal = A3EE1BF02A31A025000AD9EE /* Project object */;
			proxyType = 1;
			remoteGlobalIDString = A3EE1BF82A31A025000AD9EE;
			remoteInfo = FeedLoader;
		};
		CB3B2DBC2A99F14700CA52C7 /* PBXContainerItemProxy */ = {
			isa = PBXContainerItemProxy;
			containerPortal = A3EE1BF02A31A025000AD9EE /* Project object */;
			proxyType = 1;
			remoteGlobalIDString = A3EE1BF82A31A025000AD9EE;
			remoteInfo = FeedLoader;
		};
		CB80F5C42AA9981A0059453D /* PBXContainerItemProxy */ = {
			isa = PBXContainerItemProxy;
			containerPortal = A3EE1BF02A31A025000AD9EE /* Project object */;
			proxyType = 1;
			remoteGlobalIDString = CB80F5BA2AA9981A0059453D;
			remoteInfo = EssentialFeediOS;
		};
		CB80F5E22AAAE95D0059453D /* PBXContainerItemProxy */ = {
			isa = PBXContainerItemProxy;
			containerPortal = A3EE1BF02A31A025000AD9EE /* Project object */;
			proxyType = 1;
			remoteGlobalIDString = A3EE1BF82A31A025000AD9EE;
			remoteInfo = FeedLoader;
		};
/* End PBXContainerItemProxy section */

/* Begin PBXCopyFilesBuildPhase section */
		CB80F5E42AAAE95D0059453D /* Embed Frameworks */ = {
			isa = PBXCopyFilesBuildPhase;
			buildActionMask = 2147483647;
			dstPath = "";
			dstSubfolderSpec = 10;
			files = (
				CB80F5E12AAAE95D0059453D /* FeedLoader.framework in Embed Frameworks */,
			);
			name = "Embed Frameworks";
			runOnlyForDeploymentPostprocessing = 0;
		};
/* End PBXCopyFilesBuildPhase section */

/* Begin PBXFileReference section */
		A31BF7B42A3AD21900B3B3C8 /* URLSessionHTTPClientTests.swift */ = {isa = PBXFileReference; lastKnownFileType = sourcecode.swift; path = URLSessionHTTPClientTests.swift; sourceTree = "<group>"; };
		A323A38B2A32F20300EBCB34 /* RemoteFeedLoader.swift */ = {isa = PBXFileReference; lastKnownFileType = sourcecode.swift; path = RemoteFeedLoader.swift; sourceTree = "<group>"; };
		A323C94D2A6D64FE00FA7B2A /* LoadFeedFromCacheUseCaseTests.swift */ = {isa = PBXFileReference; lastKnownFileType = sourcecode.swift; path = LoadFeedFromCacheUseCaseTests.swift; sourceTree = "<group>"; };
		A340D4792A3DA647009A7965 /* HTTPSessionURLClient.swift */ = {isa = PBXFileReference; lastKnownFileType = sourcecode.swift; path = HTTPSessionURLClient.swift; sourceTree = "<group>"; };
		A340D47B2A3E033D009A7965 /* FeedLoader.xctestplan */ = {isa = PBXFileReference; lastKnownFileType = text; path = FeedLoader.xctestplan; sourceTree = "<group>"; };
		A340D4802A3E04A5009A7965 /* FeedLoaderApiEndToEndTests.xctest */ = {isa = PBXFileReference; explicitFileType = wrapper.cfbundle; includeInIndex = 0; path = FeedLoaderApiEndToEndTests.xctest; sourceTree = BUILT_PRODUCTS_DIR; };
		A340D4822A3E04A5009A7965 /* FeedLoaderApiEndToEndTests.swift */ = {isa = PBXFileReference; lastKnownFileType = sourcecode.swift; path = FeedLoaderApiEndToEndTests.swift; sourceTree = "<group>"; };
		A35989282A66F424004A00D9 /* LocalFeedLoader.swift */ = {isa = PBXFileReference; lastKnownFileType = sourcecode.swift; path = LocalFeedLoader.swift; sourceTree = "<group>"; };
		A359892A2A66F4D9004A00D9 /* FeedStore.swift */ = {isa = PBXFileReference; lastKnownFileType = sourcecode.swift; path = FeedStore.swift; sourceTree = "<group>"; };
		A36D08A72A85727300EDE0CA /* ValidateFeedCacheUseCaseTest.swift */ = {isa = PBXFileReference; lastKnownFileType = sourcecode.swift; path = ValidateFeedCacheUseCaseTest.swift; sourceTree = "<group>"; };
		A36D08A92A857C2700EDE0CA /* FeedCacheTestHelper.swift */ = {isa = PBXFileReference; lastKnownFileType = sourcecode.swift; path = FeedCacheTestHelper.swift; sourceTree = "<group>"; };
		A383BFC82A3C327B006A422C /* XCTTestCase+memoryLeakHelper.swift */ = {isa = PBXFileReference; lastKnownFileType = sourcecode.swift; path = "XCTTestCase+memoryLeakHelper.swift"; sourceTree = "<group>"; };
		A39F50592A38376100E0FF87 /* HTTPClient.swift */ = {isa = PBXFileReference; lastKnownFileType = sourcecode.swift; path = HTTPClient.swift; sourceTree = "<group>"; };
		A39F505B2A3837BA00E0FF87 /* FeedItemsMapper.swift */ = {isa = PBXFileReference; lastKnownFileType = sourcecode.swift; path = FeedItemsMapper.swift; sourceTree = "<group>"; };
		A3A18C382A70169000134CE1 /* FeedStoreSpy.swift */ = {isa = PBXFileReference; lastKnownFileType = sourcecode.swift; path = FeedStoreSpy.swift; sourceTree = "<group>"; };
		A3EAF9362A683C4500481482 /* RemoteFeedItem.swift */ = {isa = PBXFileReference; lastKnownFileType = sourcecode.swift; path = RemoteFeedItem.swift; sourceTree = "<group>"; };
		A3EAF9382A683C6300481482 /* LocalFeedImage.swift */ = {isa = PBXFileReference; lastKnownFileType = sourcecode.swift; path = LocalFeedImage.swift; sourceTree = "<group>"; };
		A3EE1BF92A31A025000AD9EE /* FeedLoader.framework */ = {isa = PBXFileReference; explicitFileType = wrapper.framework; includeInIndex = 0; path = FeedLoader.framework; sourceTree = BUILT_PRODUCTS_DIR; };
		A3EE1BFC2A31A025000AD9EE /* FeedLoader.h */ = {isa = PBXFileReference; lastKnownFileType = sourcecode.c.h; path = FeedLoader.h; sourceTree = "<group>"; };
		A3EE1BFD2A31A025000AD9EE /* FeedLoader.docc */ = {isa = PBXFileReference; lastKnownFileType = folder.documentationcatalog; path = FeedLoader.docc; sourceTree = "<group>"; };
		A3EE1C032A31A025000AD9EE /* FeedLoaderTests.xctest */ = {isa = PBXFileReference; explicitFileType = wrapper.cfbundle; includeInIndex = 0; path = FeedLoaderTests.xctest; sourceTree = BUILT_PRODUCTS_DIR; };
		A3EE1C082A31A025000AD9EE /* LoadFeedFromRemoteUseCase.swift */ = {isa = PBXFileReference; lastKnownFileType = sourcecode.swift; path = LoadFeedFromRemoteUseCase.swift; sourceTree = "<group>"; };
		A3EE1C132A31A057000AD9EE /* FeedImage.swift */ = {isa = PBXFileReference; fileEncoding = 4; lastKnownFileType = sourcecode.swift; path = FeedImage.swift; sourceTree = "<group>"; };
		A3EE1C142A31A057000AD9EE /* FeedLoader.swift */ = {isa = PBXFileReference; fileEncoding = 4; lastKnownFileType = sourcecode.swift; path = FeedLoader.swift; sourceTree = "<group>"; };
		A3F84EAB2A5E8A36006E92C8 /* FeedCacheUseCaseTests.swift */ = {isa = PBXFileReference; lastKnownFileType = sourcecode.swift; path = FeedCacheUseCaseTests.swift; sourceTree = "<group>"; };
		CB0816A72A87E50600EB5810 /* FeedCachePolicy.swift */ = {isa = PBXFileReference; lastKnownFileType = sourcecode.swift; path = FeedCachePolicy.swift; sourceTree = "<group>"; };
		CB2A2FA42AC6924C00C50D87 /* FeedPresenter.swift */ = {isa = PBXFileReference; lastKnownFileType = sourcecode.swift; path = FeedPresenter.swift; sourceTree = "<group>"; };
		CB2A2FA62ACA88AF00C50D87 /* FeedStoryboard.storyboard */ = {isa = PBXFileReference; lastKnownFileType = file.storyboard; path = FeedStoryboard.storyboard; sourceTree = "<group>"; };
		CB2A2FA82ACA88FF00C50D87 /* FeedAssets.xcassets */ = {isa = PBXFileReference; lastKnownFileType = folder.assetcatalog; path = FeedAssets.xcassets; sourceTree = "<group>"; };
		CB30BCC32A91061700088283 /* CodableFeedStore.swift */ = {isa = PBXFileReference; lastKnownFileType = sourcecode.swift; path = CodableFeedStore.swift; sourceTree = "<group>"; };
		CB3B2DAE2A95D07600CA52C7 /* FeedStoreSpecs.swift */ = {isa = PBXFileReference; lastKnownFileType = sourcecode.swift; path = FeedStoreSpecs.swift; sourceTree = "<group>"; };
		CB3B2DB02A95D14100CA52C7 /* XCTest+FeedStoreSpecs.swift */ = {isa = PBXFileReference; lastKnownFileType = sourcecode.swift; path = "XCTest+FeedStoreSpecs.swift"; sourceTree = "<group>"; };
		CB3B2DB72A99F14700CA52C7 /* FeedLoaderCacheIntegrationTests.xctest */ = {isa = PBXFileReference; explicitFileType = wrapper.cfbundle; includeInIndex = 0; path = FeedLoaderCacheIntegrationTests.xctest; sourceTree = BUILT_PRODUCTS_DIR; };
		CB3B2DB92A99F14700CA52C7 /* FeedLoaderCacheIntegrationTests.swift */ = {isa = PBXFileReference; lastKnownFileType = sourcecode.swift; path = FeedLoaderCacheIntegrationTests.swift; sourceTree = "<group>"; };
		CB3B2DC12A99F17800CA52C7 /* FeedLoaderCacheIntegrationTests.xctestplan */ = {isa = PBXFileReference; lastKnownFileType = text; path = FeedLoaderCacheIntegrationTests.xctestplan; sourceTree = "<group>"; };
		CB3B2DC22A9A43B600CA52C7 /* FeedLoaderCoreDataTests.swift */ = {isa = PBXFileReference; lastKnownFileType = sourcecode.swift; path = FeedLoaderCoreDataTests.swift; sourceTree = "<group>"; };
		CB3B2DC42A9A459B00CA52C7 /* CoreDataFeedStore.swift */ = {isa = PBXFileReference; lastKnownFileType = sourcecode.swift; path = CoreDataFeedStore.swift; sourceTree = "<group>"; };
		CB3B2DCC2A9B5A5800CA52C7 /* FeedStore.xcdatamodel */ = {isa = PBXFileReference; lastKnownFileType = wrapper.xcdatamodel; path = FeedStore.xcdatamodel; sourceTree = "<group>"; };
		CB3B2DD02A9C671D00CA52C7 /* CoreDataHelpers.swift */ = {isa = PBXFileReference; lastKnownFileType = sourcecode.swift; path = CoreDataHelpers.swift; sourceTree = "<group>"; };
		CB3B2DD22A9C676100CA52C7 /* ManagedCache.swift */ = {isa = PBXFileReference; lastKnownFileType = sourcecode.swift; path = ManagedCache.swift; sourceTree = "<group>"; };
		CB3B2DD42A9C678700CA52C7 /* ManageFeedImage.swift */ = {isa = PBXFileReference; lastKnownFileType = sourcecode.swift; path = ManageFeedImage.swift; sourceTree = "<group>"; };
		CB6702B82AB0371E00C9D3FD /* FeedImageCell.swift */ = {isa = PBXFileReference; lastKnownFileType = sourcecode.swift; path = FeedImageCell.swift; sourceTree = "<group>"; };
		CB6702BA2AB2D06600C9D3FD /* UIView+Simmering.swift */ = {isa = PBXFileReference; lastKnownFileType = sourcecode.swift; path = "UIView+Simmering.swift"; sourceTree = "<group>"; };
		CB6702C02AB9688300C9D3FD /* FeedImageDataLoader.swift */ = {isa = PBXFileReference; lastKnownFileType = sourcecode.swift; path = FeedImageDataLoader.swift; sourceTree = "<group>"; };
		CB6702C22AB96B6100C9D3FD /* FeedRefreshViewController.swift */ = {isa = PBXFileReference; lastKnownFileType = sourcecode.swift; path = FeedRefreshViewController.swift; sourceTree = "<group>"; };
		CB6702C42AB975B100C9D3FD /* FeedImageCellController.swift */ = {isa = PBXFileReference; lastKnownFileType = sourcecode.swift; path = FeedImageCellController.swift; sourceTree = "<group>"; };
		CB6702C92ABABB0400C9D3FD /* FeedUIComposer.swift */ = {isa = PBXFileReference; lastKnownFileType = sourcecode.swift; path = FeedUIComposer.swift; sourceTree = "<group>"; };
		CB80F5BB2AA9981A0059453D /* EssentialFeediOS.framework */ = {isa = PBXFileReference; explicitFileType = wrapper.framework; includeInIndex = 0; path = EssentialFeediOS.framework; sourceTree = BUILT_PRODUCTS_DIR; };
		CB80F5C22AA9981A0059453D /* EssentialFeediOSTests.xctest */ = {isa = PBXFileReference; explicitFileType = wrapper.cfbundle; includeInIndex = 0; path = EssentialFeediOSTests.xctest; sourceTree = BUILT_PRODUCTS_DIR; };
		CB80F5D02AA998990059453D /* EssentialFeediOS.xctestplan */ = {isa = PBXFileReference; lastKnownFileType = text; path = EssentialFeediOS.xctestplan; sourceTree = SOURCE_ROOT; };
		CB80F5D12AAAE36A0059453D /* EssentialFeediOSTests-Bridging-Header.h */ = {isa = PBXFileReference; lastKnownFileType = sourcecode.c.h; path = "EssentialFeediOSTests-Bridging-Header.h"; sourceTree = "<group>"; };
		CB80F5D22AAAE36A0059453D /* FeedUIIntegrationTests.swift */ = {isa = PBXFileReference; lastKnownFileType = sourcecode.swift; path = FeedUIIntegrationTests.swift; sourceTree = "<group>"; };
		CB965DE42AC2A2D3005854B0 /* FeedImageCellModel.swift */ = {isa = PBXFileReference; lastKnownFileType = sourcecode.swift; path = FeedImageCellModel.swift; sourceTree = "<group>"; };
		CBA3EC052AAEDC3800235AFC /* FeedViewController.swift */ = {isa = PBXFileReference; lastKnownFileType = sourcecode.swift; path = FeedViewController.swift; sourceTree = "<group>"; };
		CBCD68222AD51A4C00710B05 /* UITableView+Dequeueing.swift */ = {isa = PBXFileReference; lastKnownFileType = sourcecode.swift; path = "UITableView+Dequeueing.swift"; sourceTree = "<group>"; };
		CBCD68242AD51B8C00710B05 /* UIImageView+Animations.swift */ = {isa = PBXFileReference; lastKnownFileType = sourcecode.swift; path = "UIImageView+Animations.swift"; sourceTree = "<group>"; };
		CBCD68292AD66F8900710B05 /* en */ = {isa = PBXFileReference; lastKnownFileType = text.plist.strings; name = en; path = en.lproj/Feed.strings; sourceTree = "<group>"; };
		CBCD682B2AD66FC500710B05 /* pt-BR */ = {isa = PBXFileReference; lastKnownFileType = text.plist.strings; name = "pt-BR"; path = "pt-BR.lproj/Feed.strings"; sourceTree = "<group>"; };
		CBCD682C2AD6700D00710B05 /* el */ = {isa = PBXFileReference; lastKnownFileType = text.plist.strings; name = el; path = el.lproj/Feed.strings; sourceTree = "<group>"; };
		CBCD682D2AD6709100710B05 /* FeedLocalizationTests.swift */ = {isa = PBXFileReference; lastKnownFileType = sourcecode.swift; path = FeedLocalizationTests.swift; sourceTree = "<group>"; };
/* End PBXFileReference section */

/* Begin PBXFrameworksBuildPhase section */
		A340D47D2A3E04A5009A7965 /* Frameworks */ = {
			isa = PBXFrameworksBuildPhase;
			buildActionMask = 2147483647;
			files = (
				A340D4842A3E04A5009A7965 /* FeedLoader.framework in Frameworks */,
			);
			runOnlyForDeploymentPostprocessing = 0;
		};
		A3EE1BF62A31A025000AD9EE /* Frameworks */ = {
			isa = PBXFrameworksBuildPhase;
			buildActionMask = 2147483647;
			files = (
			);
			runOnlyForDeploymentPostprocessing = 0;
		};
		A3EE1C002A31A025000AD9EE /* Frameworks */ = {
			isa = PBXFrameworksBuildPhase;
			buildActionMask = 2147483647;
			files = (
				A3EE1C042A31A025000AD9EE /* FeedLoader.framework in Frameworks */,
			);
			runOnlyForDeploymentPostprocessing = 0;
		};
		CB3B2DB42A99F14700CA52C7 /* Frameworks */ = {
			isa = PBXFrameworksBuildPhase;
			buildActionMask = 2147483647;
			files = (
				CB3B2DBB2A99F14700CA52C7 /* FeedLoader.framework in Frameworks */,
			);
			runOnlyForDeploymentPostprocessing = 0;
		};
		CB80F5B82AA9981A0059453D /* Frameworks */ = {
			isa = PBXFrameworksBuildPhase;
			buildActionMask = 2147483647;
			files = (
				CB80F5E02AAAE95D0059453D /* FeedLoader.framework in Frameworks */,
			);
			runOnlyForDeploymentPostprocessing = 0;
		};
		CB80F5BF2AA9981A0059453D /* Frameworks */ = {
			isa = PBXFrameworksBuildPhase;
			buildActionMask = 2147483647;
			files = (
				CB80F5C32AA9981A0059453D /* EssentialFeediOS.framework in Frameworks */,
			);
			runOnlyForDeploymentPostprocessing = 0;
		};
/* End PBXFrameworksBuildPhase section */

/* Begin PBXGroup section */
		A323A38A2A32F1F100EBCB34 /* FeedAPI */ = {
			isa = PBXGroup;
			children = (
				A323A38B2A32F20300EBCB34 /* RemoteFeedLoader.swift */,
				A39F50592A38376100E0FF87 /* HTTPClient.swift */,
				A39F505B2A3837BA00E0FF87 /* FeedItemsMapper.swift */,
				A340D4792A3DA647009A7965 /* HTTPSessionURLClient.swift */,
				A3EAF9362A683C4500481482 /* RemoteFeedItem.swift */,
			);
			path = FeedAPI;
			sourceTree = "<group>";
		};
		A340D4812A3E04A5009A7965 /* FeedLoaderApiEndToEndTests */ = {
			isa = PBXGroup;
			children = (
				A340D4822A3E04A5009A7965 /* FeedLoaderApiEndToEndTests.swift */,
			);
			path = FeedLoaderApiEndToEndTests;
			sourceTree = "<group>";
		};
		A35989272A66F416004A00D9 /* Feed Cache */ = {
			isa = PBXGroup;
			children = (
				CB3B2DCF2A9C66C300CA52C7 /* Infrastructure */,
				A35989282A66F424004A00D9 /* LocalFeedLoader.swift */,
				A359892A2A66F4D9004A00D9 /* FeedStore.swift */,
				A3EAF9382A683C6300481482 /* LocalFeedImage.swift */,
				CB0816A72A87E50600EB5810 /* FeedCachePolicy.swift */,
			);
			path = "Feed Cache";
			sourceTree = "<group>";
		};
		A383BFC72A3C325C006A422C /* Helpers */ = {
			isa = PBXGroup;
			children = (
				A36D08A92A857C2700EDE0CA /* FeedCacheTestHelper.swift */,
				A383BFC82A3C327B006A422C /* XCTTestCase+memoryLeakHelper.swift */,
			);
			path = Helpers;
			sourceTree = "<group>";
		};
		A39F50572A38372F00E0FF87 /* Feed Feature */ = {
			isa = PBXGroup;
			children = (
				A3EE1C142A31A057000AD9EE /* FeedLoader.swift */,
				A3EE1C132A31A057000AD9EE /* FeedImage.swift */,
			);
			path = "Feed Feature";
			sourceTree = "<group>";
		};
		A3A18C372A70167D00134CE1 /* Helpers */ = {
			isa = PBXGroup;
			children = (
				A3A18C382A70169000134CE1 /* FeedStoreSpy.swift */,
			);
			path = Helpers;
			sourceTree = "<group>";
		};
		A3A78A922A384069005D1C9B /* Feed Api */ = {
			isa = PBXGroup;
			children = (
				A3EE1C082A31A025000AD9EE /* LoadFeedFromRemoteUseCase.swift */,
				A31BF7B42A3AD21900B3B3C8 /* URLSessionHTTPClientTests.swift */,
			);
			path = "Feed Api";
			sourceTree = "<group>";
		};
		A3EE1BEF2A31A025000AD9EE = {
			isa = PBXGroup;
			children = (
				CB3B2DC12A99F17800CA52C7 /* FeedLoaderCacheIntegrationTests.xctestplan */,
				A340D47B2A3E033D009A7965 /* FeedLoader.xctestplan */,
				A35989272A66F416004A00D9 /* Feed Cache */,
				A39F50572A38372F00E0FF87 /* Feed Feature */,
				A323A38A2A32F1F100EBCB34 /* FeedAPI */,
				A3EE1BFB2A31A025000AD9EE /* FeedLoader */,
				A3EE1C072A31A025000AD9EE /* FeedLoaderTests */,
				A340D4812A3E04A5009A7965 /* FeedLoaderApiEndToEndTests */,
				CB3B2DB82A99F14700CA52C7 /* FeedLoaderCacheIntegrationTests */,
				CB80F5BC2AA9981A0059453D /* EssentialFeediOS */,
				CB80F5C62AA9981A0059453D /* EssentialFeediOSTests */,
				A3EE1BFA2A31A025000AD9EE /* Products */,
				CB80F5DF2AAAE95D0059453D /* Frameworks */,
			);
			sourceTree = "<group>";
		};
		A3EE1BFA2A31A025000AD9EE /* Products */ = {
			isa = PBXGroup;
			children = (
				A3EE1BF92A31A025000AD9EE /* FeedLoader.framework */,
				A3EE1C032A31A025000AD9EE /* FeedLoaderTests.xctest */,
				A340D4802A3E04A5009A7965 /* FeedLoaderApiEndToEndTests.xctest */,
				CB3B2DB72A99F14700CA52C7 /* FeedLoaderCacheIntegrationTests.xctest */,
				CB80F5BB2AA9981A0059453D /* EssentialFeediOS.framework */,
				CB80F5C22AA9981A0059453D /* EssentialFeediOSTests.xctest */,
			);
			name = Products;
			sourceTree = "<group>";
		};
		A3EE1BFB2A31A025000AD9EE /* FeedLoader */ = {
			isa = PBXGroup;
			children = (
				A3EE1BFC2A31A025000AD9EE /* FeedLoader.h */,
				A3EE1BFD2A31A025000AD9EE /* FeedLoader.docc */,
			);
			path = FeedLoader;
			sourceTree = "<group>";
		};
		A3EE1C072A31A025000AD9EE /* FeedLoaderTests */ = {
			isa = PBXGroup;
			children = (
				A383BFC72A3C325C006A422C /* Helpers */,
				A3F84EAA2A5E8A1A006E92C8 /* FeedCache */,
				A3A78A922A384069005D1C9B /* Feed Api */,
			);
			path = FeedLoaderTests;
			sourceTree = "<group>";
		};
		A3F84EAA2A5E8A1A006E92C8 /* FeedCache */ = {
			isa = PBXGroup;
			children = (
				A3A18C372A70167D00134CE1 /* Helpers */,
				A3F84EAB2A5E8A36006E92C8 /* FeedCacheUseCaseTests.swift */,
				A323C94D2A6D64FE00FA7B2A /* LoadFeedFromCacheUseCaseTests.swift */,
				A36D08A72A85727300EDE0CA /* ValidateFeedCacheUseCaseTest.swift */,
				CB3B2DAE2A95D07600CA52C7 /* FeedStoreSpecs.swift */,
				CB3B2DB02A95D14100CA52C7 /* XCTest+FeedStoreSpecs.swift */,
				CB3B2DC22A9A43B600CA52C7 /* FeedLoaderCoreDataTests.swift */,
			);
			path = FeedCache;
			sourceTree = "<group>";
		};
		CB2A2FA32AC6923E00C50D87 /* FeedPresentation */ = {
			isa = PBXGroup;
			children = (
				CB2A2FA42AC6924C00C50D87 /* FeedPresenter.swift */,
				CB2A2FA62ACA88AF00C50D87 /* FeedStoryboard.storyboard */,
				CBCD682A2AD66F8900710B05 /* Feed.strings */,
			);
			path = FeedPresentation;
			sourceTree = "<group>";
		};
		CB3B2DB82A99F14700CA52C7 /* FeedLoaderCacheIntegrationTests */ = {
			isa = PBXGroup;
			children = (
				CB3B2DB92A99F14700CA52C7 /* FeedLoaderCacheIntegrationTests.swift */,
			);
			path = FeedLoaderCacheIntegrationTests;
			sourceTree = "<group>";
		};
		CB3B2DCA2A9B5A4300CA52C7 /* DTO */ = {
			isa = PBXGroup;
			children = (
				CB3B2DCB2A9B5A5800CA52C7 /* FeedStore.xcdatamodeld */,
			);
			path = DTO;
			sourceTree = "<group>";
		};
		CB3B2DCF2A9C66C300CA52C7 /* Infrastructure */ = {
			isa = PBXGroup;
			children = (
				CB30BCC32A91061700088283 /* CodableFeedStore.swift */,
				CB3B2DCA2A9B5A4300CA52C7 /* DTO */,
				CB3B2DC42A9A459B00CA52C7 /* CoreDataFeedStore.swift */,
				CB3B2DD02A9C671D00CA52C7 /* CoreDataHelpers.swift */,
				CB3B2DD22A9C676100CA52C7 /* ManagedCache.swift */,
				CB3B2DD42A9C678700CA52C7 /* ManageFeedImage.swift */,
			);
			path = Infrastructure;
			sourceTree = "<group>";
		};
		CB6702BC2AB9682A00C9D3FD /* FeedUI */ = {
			isa = PBXGroup;
			children = (
				CB6702CB2ABC0EEE00C9D3FD /* Models */,
				CB6702C82ABABAEA00C9D3FD /* Composers */,
				CB6702BD2AB9683600C9D3FD /* Controller */,
				CB6702BE2AB9683E00C9D3FD /* Views */,
			);
			path = FeedUI;
			sourceTree = "<group>";
		};
		CB6702BD2AB9683600C9D3FD /* Controller */ = {
			isa = PBXGroup;
			children = (
				CBA3EC052AAEDC3800235AFC /* FeedViewController.swift */,
				CB6702C22AB96B6100C9D3FD /* FeedRefreshViewController.swift */,
			);
			path = Controller;
			sourceTree = "<group>";
		};
		CB6702BE2AB9683E00C9D3FD /* Views */ = {
			isa = PBXGroup;
			children = (
				CB6702B82AB0371E00C9D3FD /* FeedImageCell.swift */,
				CB6702BA2AB2D06600C9D3FD /* UIView+Simmering.swift */,
				CB6702C42AB975B100C9D3FD /* FeedImageCellController.swift */,
				CBCD68222AD51A4C00710B05 /* UITableView+Dequeueing.swift */,
				CBCD68242AD51B8C00710B05 /* UIImageView+Animations.swift */,
			);
			path = Views;
			sourceTree = "<group>";
		};
		CB6702BF2AB9687500C9D3FD /* FeedDataLoader */ = {
			isa = PBXGroup;
			children = (
				CB6702C02AB9688300C9D3FD /* FeedImageDataLoader.swift */,
			);
			path = FeedDataLoader;
			sourceTree = "<group>";
		};
		CB6702C82ABABAEA00C9D3FD /* Composers */ = {
			isa = PBXGroup;
			children = (
				CB6702C92ABABB0400C9D3FD /* FeedUIComposer.swift */,
			);
			path = Composers;
			sourceTree = "<group>";
		};
		CB6702CB2ABC0EEE00C9D3FD /* Models */ = {
			isa = PBXGroup;
			children = (
				CB965DE42AC2A2D3005854B0 /* FeedImageCellModel.swift */,
			);
			path = Models;
			sourceTree = "<group>";
		};
		CB80F5BC2AA9981A0059453D /* EssentialFeediOS */ = {
			isa = PBXGroup;
			children = (
				CB2A2FA32AC6923E00C50D87 /* FeedPresentation */,
				CB6702BF2AB9687500C9D3FD /* FeedDataLoader */,
				CB6702BC2AB9682A00C9D3FD /* FeedUI */,
				CB80F5D02AA998990059453D /* EssentialFeediOS.xctestplan */,
				CB2A2FA82ACA88FF00C50D87 /* FeedAssets.xcassets */,
			);
			path = EssentialFeediOS;
			sourceTree = "<group>";
		};
		CB80F5C62AA9981A0059453D /* EssentialFeediOSTests */ = {
			isa = PBXGroup;
			children = (
				CB80F5D22AAAE36A0059453D /* FeedUIIntegrationTests.swift */,
				CB80F5D12AAAE36A0059453D /* EssentialFeediOSTests-Bridging-Header.h */,
				CBCD682D2AD6709100710B05 /* FeedLocalizationTests.swift */,
			);
			path = EssentialFeediOSTests;
			sourceTree = "<group>";
		};
		CB80F5DF2AAAE95D0059453D /* Frameworks */ = {
			isa = PBXGroup;
			children = (
			);
			name = Frameworks;
			sourceTree = "<group>";
		};
/* End PBXGroup section */

/* Begin PBXHeadersBuildPhase section */
		A3EE1BF42A31A025000AD9EE /* Headers */ = {
			isa = PBXHeadersBuildPhase;
			buildActionMask = 2147483647;
			files = (
				A3EE1C0A2A31A025000AD9EE /* FeedLoader.h in Headers */,
			);
			runOnlyForDeploymentPostprocessing = 0;
		};
		CB80F5B62AA9981A0059453D /* Headers */ = {
			isa = PBXHeadersBuildPhase;
			buildActionMask = 2147483647;
			files = (
			);
			runOnlyForDeploymentPostprocessing = 0;
		};
/* End PBXHeadersBuildPhase section */

/* Begin PBXNativeTarget section */
		A340D47F2A3E04A5009A7965 /* FeedLoaderApiEndToEndTests */ = {
			isa = PBXNativeTarget;
			buildConfigurationList = A340D4872A3E04A5009A7965 /* Build configuration list for PBXNativeTarget "FeedLoaderApiEndToEndTests" */;
			buildPhases = (
				A340D47C2A3E04A5009A7965 /* Sources */,
				A340D47D2A3E04A5009A7965 /* Frameworks */,
				A340D47E2A3E04A5009A7965 /* Resources */,
			);
			buildRules = (
			);
			dependencies = (
				A340D4862A3E04A5009A7965 /* PBXTargetDependency */,
			);
			name = FeedLoaderApiEndToEndTests;
			productName = FeedLoaderApiEndToEndTests;
			productReference = A340D4802A3E04A5009A7965 /* FeedLoaderApiEndToEndTests.xctest */;
			productType = "com.apple.product-type.bundle.unit-test";
		};
		A3EE1BF82A31A025000AD9EE /* FeedLoader */ = {
			isa = PBXNativeTarget;
			buildConfigurationList = A3EE1C0D2A31A026000AD9EE /* Build configuration list for PBXNativeTarget "FeedLoader" */;
			buildPhases = (
				A3EE1BF42A31A025000AD9EE /* Headers */,
				A3EE1BF52A31A025000AD9EE /* Sources */,
				A3EE1BF62A31A025000AD9EE /* Frameworks */,
				A3EE1BF72A31A025000AD9EE /* Resources */,
			);
			buildRules = (
			);
			dependencies = (
			);
			name = FeedLoader;
			productName = FeedLoader;
			productReference = A3EE1BF92A31A025000AD9EE /* FeedLoader.framework */;
			productType = "com.apple.product-type.framework";
		};
		A3EE1C022A31A025000AD9EE /* FeedLoaderTests */ = {
			isa = PBXNativeTarget;
			buildConfigurationList = A3EE1C102A31A026000AD9EE /* Build configuration list for PBXNativeTarget "FeedLoaderTests" */;
			buildPhases = (
				A3EE1BFF2A31A025000AD9EE /* Sources */,
				A3EE1C002A31A025000AD9EE /* Frameworks */,
				A3EE1C012A31A025000AD9EE /* Resources */,
			);
			buildRules = (
			);
			dependencies = (
				A3EE1C062A31A025000AD9EE /* PBXTargetDependency */,
			);
			name = FeedLoaderTests;
			productName = FeedLoaderTests;
			productReference = A3EE1C032A31A025000AD9EE /* FeedLoaderTests.xctest */;
			productType = "com.apple.product-type.bundle.unit-test";
		};
		CB3B2DB62A99F14700CA52C7 /* FeedLoaderCacheIntegrationTests */ = {
			isa = PBXNativeTarget;
			buildConfigurationList = CB3B2DBE2A99F14700CA52C7 /* Build configuration list for PBXNativeTarget "FeedLoaderCacheIntegrationTests" */;
			buildPhases = (
				CB3B2DB32A99F14700CA52C7 /* Sources */,
				CB3B2DB42A99F14700CA52C7 /* Frameworks */,
				CB3B2DB52A99F14700CA52C7 /* Resources */,
			);
			buildRules = (
			);
			dependencies = (
				CB3B2DBD2A99F14700CA52C7 /* PBXTargetDependency */,
			);
			name = FeedLoaderCacheIntegrationTests;
			productName = FeedLoaderCacheIntegrationTests;
			productReference = CB3B2DB72A99F14700CA52C7 /* FeedLoaderCacheIntegrationTests.xctest */;
			productType = "com.apple.product-type.bundle.unit-test";
		};
		CB80F5BA2AA9981A0059453D /* EssentialFeediOS */ = {
			isa = PBXNativeTarget;
			buildConfigurationList = CB80F5CE2AA9981A0059453D /* Build configuration list for PBXNativeTarget "EssentialFeediOS" */;
			buildPhases = (
				CB80F5B62AA9981A0059453D /* Headers */,
				CB80F5B72AA9981A0059453D /* Sources */,
				CB80F5B82AA9981A0059453D /* Frameworks */,
				CB80F5B92AA9981A0059453D /* Resources */,
				CB80F5E42AAAE95D0059453D /* Embed Frameworks */,
			);
			buildRules = (
			);
			dependencies = (
				CB80F5E32AAAE95D0059453D /* PBXTargetDependency */,
			);
			name = EssentialFeediOS;
			productName = EssentialFeediOS;
			productReference = CB80F5BB2AA9981A0059453D /* EssentialFeediOS.framework */;
			productType = "com.apple.product-type.framework";
		};
		CB80F5C12AA9981A0059453D /* EssentialFeediOSTests */ = {
			isa = PBXNativeTarget;
			buildConfigurationList = CB80F5CF2AA9981A0059453D /* Build configuration list for PBXNativeTarget "EssentialFeediOSTests" */;
			buildPhases = (
				CB80F5BE2AA9981A0059453D /* Sources */,
				CB80F5BF2AA9981A0059453D /* Frameworks */,
				CB80F5C02AA9981A0059453D /* Resources */,
			);
			buildRules = (
			);
			dependencies = (
				CB80F5C52AA9981A0059453D /* PBXTargetDependency */,
			);
			name = EssentialFeediOSTests;
			productName = EssentialFeediOSTests;
			productReference = CB80F5C22AA9981A0059453D /* EssentialFeediOSTests.xctest */;
			productType = "com.apple.product-type.bundle.unit-test";
		};
/* End PBXNativeTarget section */

/* Begin PBXProject section */
		A3EE1BF02A31A025000AD9EE /* Project object */ = {
			isa = PBXProject;
			attributes = {
				BuildIndependentTargetsInParallel = 1;
				LastSwiftUpdateCheck = 1430;
				LastUpgradeCheck = 1430;
				TargetAttributes = {
					A340D47F2A3E04A5009A7965 = {
						CreatedOnToolsVersion = 14.3;
					};
					A3EE1BF82A31A025000AD9EE = {
						CreatedOnToolsVersion = 14.3;
					};
					A3EE1C022A31A025000AD9EE = {
						CreatedOnToolsVersion = 14.3;
					};
					CB3B2DB62A99F14700CA52C7 = {
						CreatedOnToolsVersion = 14.3;
					};
					CB80F5BA2AA9981A0059453D = {
						CreatedOnToolsVersion = 14.3.1;
						LastSwiftMigration = 1430;
					};
					CB80F5C12AA9981A0059453D = {
						CreatedOnToolsVersion = 14.3.1;
						LastSwiftMigration = 1430;
					};
				};
			};
			buildConfigurationList = A3EE1BF32A31A025000AD9EE /* Build configuration list for PBXProject "FeedLoader" */;
			compatibilityVersion = "Xcode 14.0";
			developmentRegion = en;
			hasScannedForEncodings = 0;
			knownRegions = (
				en,
				Base,
				"pt-BR",
				el,
			);
			mainGroup = A3EE1BEF2A31A025000AD9EE;
			productRefGroup = A3EE1BFA2A31A025000AD9EE /* Products */;
			projectDirPath = "";
			projectRoot = "";
			targets = (
				A3EE1BF82A31A025000AD9EE /* FeedLoader */,
				A3EE1C022A31A025000AD9EE /* FeedLoaderTests */,
				A340D47F2A3E04A5009A7965 /* FeedLoaderApiEndToEndTests */,
				CB3B2DB62A99F14700CA52C7 /* FeedLoaderCacheIntegrationTests */,
				CB80F5BA2AA9981A0059453D /* EssentialFeediOS */,
				CB80F5C12AA9981A0059453D /* EssentialFeediOSTests */,
			);
		};
/* End PBXProject section */

/* Begin PBXResourcesBuildPhase section */
		A340D47E2A3E04A5009A7965 /* Resources */ = {
			isa = PBXResourcesBuildPhase;
			buildActionMask = 2147483647;
			files = (
			);
			runOnlyForDeploymentPostprocessing = 0;
		};
		A3EE1BF72A31A025000AD9EE /* Resources */ = {
			isa = PBXResourcesBuildPhase;
			buildActionMask = 2147483647;
			files = (
			);
			runOnlyForDeploymentPostprocessing = 0;
		};
		A3EE1C012A31A025000AD9EE /* Resources */ = {
			isa = PBXResourcesBuildPhase;
			buildActionMask = 2147483647;
			files = (
			);
			runOnlyForDeploymentPostprocessing = 0;
		};
		CB3B2DB52A99F14700CA52C7 /* Resources */ = {
			isa = PBXResourcesBuildPhase;
			buildActionMask = 2147483647;
			files = (
			);
			runOnlyForDeploymentPostprocessing = 0;
		};
		CB80F5B92AA9981A0059453D /* Resources */ = {
			isa = PBXResourcesBuildPhase;
			buildActionMask = 2147483647;
			files = (
				CB2A2FA92ACA88FF00C50D87 /* FeedAssets.xcassets in Resources */,
				CB2A2FA72ACA88AF00C50D87 /* FeedStoryboard.storyboard in Resources */,
				CBCD68282AD66F8900710B05 /* Feed.strings in Resources */,
			);
			runOnlyForDeploymentPostprocessing = 0;
		};
		CB80F5C02AA9981A0059453D /* Resources */ = {
			isa = PBXResourcesBuildPhase;
			buildActionMask = 2147483647;
			files = (
			);
			runOnlyForDeploymentPostprocessing = 0;
		};
/* End PBXResourcesBuildPhase section */

/* Begin PBXSourcesBuildPhase section */
		A340D47C2A3E04A5009A7965 /* Sources */ = {
			isa = PBXSourcesBuildPhase;
			buildActionMask = 2147483647;
			files = (
				A36D08AB2A857CE100EDE0CA /* FeedCacheTestHelper.swift in Sources */,
				A340D4832A3E04A5009A7965 /* FeedLoaderApiEndToEndTests.swift in Sources */,
				A340D48A2A3E0AE1009A7965 /* XCTTestCase+memoryLeakHelper.swift in Sources */,
			);
			runOnlyForDeploymentPostprocessing = 0;
		};
		A3EE1BF52A31A025000AD9EE /* Sources */ = {
			isa = PBXSourcesBuildPhase;
			buildActionMask = 2147483647;
			files = (
				A359892B2A66F4D9004A00D9 /* FeedStore.swift in Sources */,
				CB3B2DCE2A9B5C6E00CA52C7 /* FeedStore.xcdatamodeld in Sources */,
				A323A38C2A32F20300EBCB34 /* RemoteFeedLoader.swift in Sources */,
				A340D47A2A3DA647009A7965 /* HTTPSessionURLClient.swift in Sources */,
				A39F505A2A38376100E0FF87 /* HTTPClient.swift in Sources */,
				A3EE1C162A31A057000AD9EE /* FeedLoader.swift in Sources */,
				CB3B2DD12A9C671D00CA52C7 /* CoreDataHelpers.swift in Sources */,
				A3EAF9392A683C6300481482 /* LocalFeedImage.swift in Sources */,
				CB3B2DC62A9A45DE00CA52C7 /* CoreDataFeedStore.swift in Sources */,
				CB3B2DD32A9C676100CA52C7 /* ManagedCache.swift in Sources */,
				CB3B2DD52A9C678700CA52C7 /* ManageFeedImage.swift in Sources */,
				A39F505C2A3837BA00E0FF87 /* FeedItemsMapper.swift in Sources */,
				A3EAF9372A683C4500481482 /* RemoteFeedItem.swift in Sources */,
				CB30BCC42A91061700088283 /* CodableFeedStore.swift in Sources */,
				CB0816A82A87E50600EB5810 /* FeedCachePolicy.swift in Sources */,
				A3EE1C152A31A057000AD9EE /* FeedImage.swift in Sources */,
				A35989292A66F424004A00D9 /* LocalFeedLoader.swift in Sources */,
				A3EE1BFE2A31A025000AD9EE /* FeedLoader.docc in Sources */,
			);
			runOnlyForDeploymentPostprocessing = 0;
		};
		A3EE1BFF2A31A025000AD9EE /* Sources */ = {
			isa = PBXSourcesBuildPhase;
			buildActionMask = 2147483647;
			files = (
				A383BFC92A3C327B006A422C /* XCTTestCase+memoryLeakHelper.swift in Sources */,
				A3EE1C092A31A025000AD9EE /* LoadFeedFromRemoteUseCase.swift in Sources */,
				CB3B2DAF2A95D07600CA52C7 /* FeedStoreSpecs.swift in Sources */,
				A3A18C392A70169000134CE1 /* FeedStoreSpy.swift in Sources */,
				CB3B2DC32A9A43B600CA52C7 /* FeedLoaderCoreDataTests.swift in Sources */,
				A3F84EAC2A5E8A36006E92C8 /* FeedCacheUseCaseTests.swift in Sources */,
				A36D08AA2A857C2700EDE0CA /* FeedCacheTestHelper.swift in Sources */,
				A323C94E2A6D64FE00FA7B2A /* LoadFeedFromCacheUseCaseTests.swift in Sources */,
				A36D08A82A85727300EDE0CA /* ValidateFeedCacheUseCaseTest.swift in Sources */,
				A31BF7B52A3AD21900B3B3C8 /* URLSessionHTTPClientTests.swift in Sources */,
				CB3B2DB12A95D14100CA52C7 /* XCTest+FeedStoreSpecs.swift in Sources */,
			);
			runOnlyForDeploymentPostprocessing = 0;
		};
		CB3B2DB32A99F14700CA52C7 /* Sources */ = {
			isa = PBXSourcesBuildPhase;
			buildActionMask = 2147483647;
			files = (
				CB3B2DD72A9DAAF900CA52C7 /* FeedCacheTestHelper.swift in Sources */,
				CB3B2DBA2A99F14700CA52C7 /* FeedLoaderCacheIntegrationTests.swift in Sources */,
				CB3B2DD62A9DA86400CA52C7 /* XCTTestCase+memoryLeakHelper.swift in Sources */,
			);
			runOnlyForDeploymentPostprocessing = 0;
		};
		CB80F5B72AA9981A0059453D /* Sources */ = {
			isa = PBXSourcesBuildPhase;
			buildActionMask = 2147483647;
			files = (
				CB2A2FA52AC6924C00C50D87 /* FeedPresenter.swift in Sources */,
				CB6702C12AB9688300C9D3FD /* FeedImageDataLoader.swift in Sources */,
				CB6702C32AB96B6100C9D3FD /* FeedRefreshViewController.swift in Sources */,
				CBCD68232AD51A4C00710B05 /* UITableView+Dequeueing.swift in Sources */,
				CB6702BB2AB2D06600C9D3FD /* UIView+Simmering.swift in Sources */,
				CBA3EC062AAEDC3800235AFC /* FeedViewController.swift in Sources */,
				CB6702B92AB0371E00C9D3FD /* FeedImageCell.swift in Sources */,
				CB6702C52AB975B100C9D3FD /* FeedImageCellController.swift in Sources */,
				CB965DE52AC2A2D3005854B0 /* FeedImageCellModel.swift in Sources */,
				CB6702CA2ABABB0400C9D3FD /* FeedUIComposer.swift in Sources */,
				CBCD68252AD51B8C00710B05 /* UIImageView+Animations.swift in Sources */,
			);
			runOnlyForDeploymentPostprocessing = 0;
		};
		CB80F5BE2AA9981A0059453D /* Sources */ = {
			isa = PBXSourcesBuildPhase;
			buildActionMask = 2147483647;
			files = (
				CBCD682E2AD6709100710B05 /* FeedLocalizationTests.swift in Sources */,
				CB80F5D32AAAE36B0059453D /* FeedUIIntegrationTests.swift in Sources */,
			);
			runOnlyForDeploymentPostprocessing = 0;
		};
/* End PBXSourcesBuildPhase section */

/* Begin PBXTargetDependency section */
		A340D4862A3E04A5009A7965 /* PBXTargetDependency */ = {
			isa = PBXTargetDependency;
			target = A3EE1BF82A31A025000AD9EE /* FeedLoader */;
			targetProxy = A340D4852A3E04A5009A7965 /* PBXContainerItemProxy */;
		};
		A3EE1C062A31A025000AD9EE /* PBXTargetDependency */ = {
			isa = PBXTargetDependency;
			target = A3EE1BF82A31A025000AD9EE /* FeedLoader */;
			targetProxy = A3EE1C052A31A025000AD9EE /* PBXContainerItemProxy */;
		};
		CB3B2DBD2A99F14700CA52C7 /* PBXTargetDependency */ = {
			isa = PBXTargetDependency;
			target = A3EE1BF82A31A025000AD9EE /* FeedLoader */;
			targetProxy = CB3B2DBC2A99F14700CA52C7 /* PBXContainerItemProxy */;
		};
		CB80F5C52AA9981A0059453D /* PBXTargetDependency */ = {
			isa = PBXTargetDependency;
			target = CB80F5BA2AA9981A0059453D /* EssentialFeediOS */;
			targetProxy = CB80F5C42AA9981A0059453D /* PBXContainerItemProxy */;
		};
		CB80F5E32AAAE95D0059453D /* PBXTargetDependency */ = {
			isa = PBXTargetDependency;
			platformFilter = ios;
			target = A3EE1BF82A31A025000AD9EE /* FeedLoader */;
			targetProxy = CB80F5E22AAAE95D0059453D /* PBXContainerItemProxy */;
		};
/* End PBXTargetDependency section */

/* Begin PBXVariantGroup section */
		CBCD682A2AD66F8900710B05 /* Feed.strings */ = {
			isa = PBXVariantGroup;
			children = (
				CBCD68292AD66F8900710B05 /* en */,
				CBCD682B2AD66FC500710B05 /* pt-BR */,
				CBCD682C2AD6700D00710B05 /* el */,
			);
			name = Feed.strings;
			sourceTree = "<group>";
		};
/* End PBXVariantGroup section */

/* Begin XCBuildConfiguration section */
		A340D4882A3E04A5009A7965 /* Debug */ = {
			isa = XCBuildConfiguration;
			buildSettings = {
				CODE_SIGN_STYLE = Automatic;
				CURRENT_PROJECT_VERSION = 1;
				DEVELOPMENT_TEAM = 8DURMPUBZ2;
				GENERATE_INFOPLIST_FILE = YES;
				MACOSX_DEPLOYMENT_TARGET = 13.0;
				MARKETING_VERSION = 1.0;
				PRODUCT_BUNDLE_IDENTIFIER = com.alex.apostol.FeedLoaderApiEndToEndTests;
				PRODUCT_NAME = "$(TARGET_NAME)";
				SDKROOT = macosx;
				SUPPORTED_PLATFORMS = "iphoneos iphonesimulator macosx";
				SUPPORTS_MACCATALYST = NO;
				SUPPORTS_MAC_DESIGNED_FOR_IPHONE_IPAD = NO;
				SWIFT_EMIT_LOC_STRINGS = NO;
				SWIFT_VERSION = 5.0;
				TARGETED_DEVICE_FAMILY = "1,2";
			};
			name = Debug;
		};
		A340D4892A3E04A5009A7965 /* Release */ = {
			isa = XCBuildConfiguration;
			buildSettings = {
				CODE_SIGN_STYLE = Automatic;
				CURRENT_PROJECT_VERSION = 1;
				DEVELOPMENT_TEAM = 8DURMPUBZ2;
				GENERATE_INFOPLIST_FILE = YES;
				MACOSX_DEPLOYMENT_TARGET = 13.0;
				MARKETING_VERSION = 1.0;
				PRODUCT_BUNDLE_IDENTIFIER = com.alex.apostol.FeedLoaderApiEndToEndTests;
				PRODUCT_NAME = "$(TARGET_NAME)";
				SDKROOT = macosx;
				SUPPORTED_PLATFORMS = "iphoneos iphonesimulator macosx";
				SUPPORTS_MACCATALYST = NO;
				SUPPORTS_MAC_DESIGNED_FOR_IPHONE_IPAD = NO;
				SWIFT_EMIT_LOC_STRINGS = NO;
				SWIFT_VERSION = 5.0;
				TARGETED_DEVICE_FAMILY = "1,2";
			};
			name = Release;
		};
		A3EE1C0B2A31A026000AD9EE /* Debug */ = {
			isa = XCBuildConfiguration;
			buildSettings = {
				ALWAYS_SEARCH_USER_PATHS = NO;
				CLANG_ANALYZER_LOCALIZABILITY_NONLOCALIZED = YES;
				CLANG_ANALYZER_NONNULL = YES;
				CLANG_ANALYZER_NUMBER_OBJECT_CONVERSION = YES_AGGRESSIVE;
				CLANG_CXX_LANGUAGE_STANDARD = "gnu++20";
				CLANG_ENABLE_MODULES = YES;
				CLANG_ENABLE_OBJC_ARC = YES;
				CLANG_ENABLE_OBJC_WEAK = YES;
				CLANG_WARN_BLOCK_CAPTURE_AUTORELEASING = YES;
				CLANG_WARN_BOOL_CONVERSION = YES;
				CLANG_WARN_COMMA = YES;
				CLANG_WARN_CONSTANT_CONVERSION = YES;
				CLANG_WARN_DEPRECATED_OBJC_IMPLEMENTATIONS = YES;
				CLANG_WARN_DIRECT_OBJC_ISA_USAGE = YES_ERROR;
				CLANG_WARN_DOCUMENTATION_COMMENTS = YES;
				CLANG_WARN_EMPTY_BODY = YES;
				CLANG_WARN_ENUM_CONVERSION = YES;
				CLANG_WARN_INFINITE_RECURSION = YES;
				CLANG_WARN_INT_CONVERSION = YES;
				CLANG_WARN_NON_LITERAL_NULL_CONVERSION = YES;
				CLANG_WARN_OBJC_IMPLICIT_RETAIN_SELF = YES;
				CLANG_WARN_OBJC_LITERAL_CONVERSION = YES;
				CLANG_WARN_OBJC_ROOT_CLASS = YES_ERROR;
				CLANG_WARN_QUOTED_INCLUDE_IN_FRAMEWORK_HEADER = YES;
				CLANG_WARN_RANGE_LOOP_ANALYSIS = YES;
				CLANG_WARN_STRICT_PROTOTYPES = YES;
				CLANG_WARN_SUSPICIOUS_MOVE = YES;
				CLANG_WARN_UNGUARDED_AVAILABILITY = YES_AGGRESSIVE;
				CLANG_WARN_UNREACHABLE_CODE = YES;
				CLANG_WARN__DUPLICATE_METHOD_MATCH = YES;
				COPY_PHASE_STRIP = NO;
				CURRENT_PROJECT_VERSION = 1;
				DEBUG_INFORMATION_FORMAT = dwarf;
				ENABLE_STRICT_OBJC_MSGSEND = YES;
				ENABLE_TESTABILITY = YES;
				GCC_C_LANGUAGE_STANDARD = gnu11;
				GCC_DYNAMIC_NO_PIC = NO;
				GCC_NO_COMMON_BLOCKS = YES;
				GCC_OPTIMIZATION_LEVEL = 0;
				GCC_PREPROCESSOR_DEFINITIONS = (
					"DEBUG=1",
					"$(inherited)",
				);
				GCC_WARN_64_TO_32_BIT_CONVERSION = YES;
				GCC_WARN_ABOUT_RETURN_TYPE = YES_ERROR;
				GCC_WARN_UNDECLARED_SELECTOR = YES;
				GCC_WARN_UNINITIALIZED_AUTOS = YES_AGGRESSIVE;
				GCC_WARN_UNUSED_FUNCTION = YES;
				GCC_WARN_UNUSED_VARIABLE = YES;
				MTL_ENABLE_DEBUG_INFO = INCLUDE_SOURCE;
				MTL_FAST_MATH = YES;
				ONLY_ACTIVE_ARCH = YES;
				SWIFT_ACTIVE_COMPILATION_CONDITIONS = DEBUG;
				SWIFT_OPTIMIZATION_LEVEL = "-Onone";
				VERSIONING_SYSTEM = "apple-generic";
				VERSION_INFO_PREFIX = "";
			};
			name = Debug;
		};
		A3EE1C0C2A31A026000AD9EE /* Release */ = {
			isa = XCBuildConfiguration;
			buildSettings = {
				ALWAYS_SEARCH_USER_PATHS = NO;
				CLANG_ANALYZER_LOCALIZABILITY_NONLOCALIZED = YES;
				CLANG_ANALYZER_NONNULL = YES;
				CLANG_ANALYZER_NUMBER_OBJECT_CONVERSION = YES_AGGRESSIVE;
				CLANG_CXX_LANGUAGE_STANDARD = "gnu++20";
				CLANG_ENABLE_MODULES = YES;
				CLANG_ENABLE_OBJC_ARC = YES;
				CLANG_ENABLE_OBJC_WEAK = YES;
				CLANG_WARN_BLOCK_CAPTURE_AUTORELEASING = YES;
				CLANG_WARN_BOOL_CONVERSION = YES;
				CLANG_WARN_COMMA = YES;
				CLANG_WARN_CONSTANT_CONVERSION = YES;
				CLANG_WARN_DEPRECATED_OBJC_IMPLEMENTATIONS = YES;
				CLANG_WARN_DIRECT_OBJC_ISA_USAGE = YES_ERROR;
				CLANG_WARN_DOCUMENTATION_COMMENTS = YES;
				CLANG_WARN_EMPTY_BODY = YES;
				CLANG_WARN_ENUM_CONVERSION = YES;
				CLANG_WARN_INFINITE_RECURSION = YES;
				CLANG_WARN_INT_CONVERSION = YES;
				CLANG_WARN_NON_LITERAL_NULL_CONVERSION = YES;
				CLANG_WARN_OBJC_IMPLICIT_RETAIN_SELF = YES;
				CLANG_WARN_OBJC_LITERAL_CONVERSION = YES;
				CLANG_WARN_OBJC_ROOT_CLASS = YES_ERROR;
				CLANG_WARN_QUOTED_INCLUDE_IN_FRAMEWORK_HEADER = YES;
				CLANG_WARN_RANGE_LOOP_ANALYSIS = YES;
				CLANG_WARN_STRICT_PROTOTYPES = YES;
				CLANG_WARN_SUSPICIOUS_MOVE = YES;
				CLANG_WARN_UNGUARDED_AVAILABILITY = YES_AGGRESSIVE;
				CLANG_WARN_UNREACHABLE_CODE = YES;
				CLANG_WARN__DUPLICATE_METHOD_MATCH = YES;
				COPY_PHASE_STRIP = NO;
				CURRENT_PROJECT_VERSION = 1;
				DEBUG_INFORMATION_FORMAT = "dwarf-with-dsym";
				ENABLE_NS_ASSERTIONS = NO;
				ENABLE_STRICT_OBJC_MSGSEND = YES;
				GCC_C_LANGUAGE_STANDARD = gnu11;
				GCC_NO_COMMON_BLOCKS = YES;
				GCC_WARN_64_TO_32_BIT_CONVERSION = YES;
				GCC_WARN_ABOUT_RETURN_TYPE = YES_ERROR;
				GCC_WARN_UNDECLARED_SELECTOR = YES;
				GCC_WARN_UNINITIALIZED_AUTOS = YES_AGGRESSIVE;
				GCC_WARN_UNUSED_FUNCTION = YES;
				GCC_WARN_UNUSED_VARIABLE = YES;
				MTL_ENABLE_DEBUG_INFO = NO;
				MTL_FAST_MATH = YES;
				SWIFT_COMPILATION_MODE = wholemodule;
				SWIFT_OPTIMIZATION_LEVEL = "-O";
				VERSIONING_SYSTEM = "apple-generic";
				VERSION_INFO_PREFIX = "";
			};
			name = Release;
		};
		A3EE1C0E2A31A026000AD9EE /* Debug */ = {
			isa = XCBuildConfiguration;
			buildSettings = {
				CODE_SIGN_STYLE = Automatic;
				CURRENT_PROJECT_VERSION = 1;
				DEFINES_MODULE = YES;
				DEVELOPMENT_TEAM = 8DURMPUBZ2;
				DYLIB_COMPATIBILITY_VERSION = 1;
				DYLIB_CURRENT_VERSION = 1;
				DYLIB_INSTALL_NAME_BASE = "@rpath";
				ENABLE_MODULE_VERIFIER = YES;
				GENERATE_INFOPLIST_FILE = YES;
				INFOPLIST_KEY_NSHumanReadableCopyright = "";
				INSTALL_PATH = "$(LOCAL_LIBRARY_DIR)/Frameworks";
				IPHONEOS_DEPLOYMENT_TARGET = 16.4;
				LD_RUNPATH_SEARCH_PATHS = (
					"@executable_path/Frameworks",
					"@loader_path/Frameworks",
				);
				"LD_RUNPATH_SEARCH_PATHS[sdk=macosx*]" = (
					"@executable_path/../Frameworks",
					"@loader_path/Frameworks",
				);
				MACOSX_DEPLOYMENT_TARGET = 13.0;
				MARKETING_VERSION = 1.0;
				MODULE_VERIFIER_SUPPORTED_LANGUAGES = "objective-c objective-c++";
				MODULE_VERIFIER_SUPPORTED_LANGUAGE_STANDARDS = "gnu11 gnu++20";
				PRODUCT_BUNDLE_IDENTIFIER = com.alex.apostol.FeedLoader;
				PRODUCT_NAME = "$(TARGET_NAME:c99extidentifier)";
				SDKROOT = auto;
				SKIP_INSTALL = YES;
				SUPPORTED_PLATFORMS = "iphoneos iphonesimulator macosx";
				SWIFT_EMIT_LOC_STRINGS = YES;
				SWIFT_VERSION = 5.0;
				TARGETED_DEVICE_FAMILY = "1,2";
			};
			name = Debug;
		};
		A3EE1C0F2A31A026000AD9EE /* Release */ = {
			isa = XCBuildConfiguration;
			buildSettings = {
				CODE_SIGN_STYLE = Automatic;
				CURRENT_PROJECT_VERSION = 1;
				DEFINES_MODULE = YES;
				DEVELOPMENT_TEAM = 8DURMPUBZ2;
				DYLIB_COMPATIBILITY_VERSION = 1;
				DYLIB_CURRENT_VERSION = 1;
				DYLIB_INSTALL_NAME_BASE = "@rpath";
				ENABLE_MODULE_VERIFIER = YES;
				GENERATE_INFOPLIST_FILE = YES;
				INFOPLIST_KEY_NSHumanReadableCopyright = "";
				INSTALL_PATH = "$(LOCAL_LIBRARY_DIR)/Frameworks";
				IPHONEOS_DEPLOYMENT_TARGET = 16.4;
				LD_RUNPATH_SEARCH_PATHS = (
					"@executable_path/Frameworks",
					"@loader_path/Frameworks",
				);
				"LD_RUNPATH_SEARCH_PATHS[sdk=macosx*]" = (
					"@executable_path/../Frameworks",
					"@loader_path/Frameworks",
				);
				MACOSX_DEPLOYMENT_TARGET = 13.0;
				MARKETING_VERSION = 1.0;
				MODULE_VERIFIER_SUPPORTED_LANGUAGES = "objective-c objective-c++";
				MODULE_VERIFIER_SUPPORTED_LANGUAGE_STANDARDS = "gnu11 gnu++20";
				PRODUCT_BUNDLE_IDENTIFIER = com.alex.apostol.FeedLoader;
				PRODUCT_NAME = "$(TARGET_NAME:c99extidentifier)";
				SDKROOT = auto;
				SKIP_INSTALL = YES;
				SUPPORTED_PLATFORMS = "iphoneos iphonesimulator macosx";
				SWIFT_EMIT_LOC_STRINGS = YES;
				SWIFT_VERSION = 5.0;
				TARGETED_DEVICE_FAMILY = "1,2";
			};
			name = Release;
		};
		A3EE1C112A31A026000AD9EE /* Debug */ = {
			isa = XCBuildConfiguration;
			buildSettings = {
				ALWAYS_EMBED_SWIFT_STANDARD_LIBRARIES = YES;
				CODE_SIGN_STYLE = Automatic;
				CURRENT_PROJECT_VERSION = 1;
				DEVELOPMENT_TEAM = 8DURMPUBZ2;
				GENERATE_INFOPLIST_FILE = YES;
				IPHONEOS_DEPLOYMENT_TARGET = 16.4;
				MACOSX_DEPLOYMENT_TARGET = 13.0;
				MARKETING_VERSION = 1.0;
				PRODUCT_BUNDLE_IDENTIFIER = com.alex.apostol.FeedLoaderTests;
				PRODUCT_NAME = "$(TARGET_NAME)";
				SDKROOT = auto;
				SUPPORTED_PLATFORMS = "iphoneos iphonesimulator macosx";
				SWIFT_EMIT_LOC_STRINGS = NO;
				SWIFT_VERSION = 5.0;
				TARGETED_DEVICE_FAMILY = "1,2";
			};
			name = Debug;
		};
		A3EE1C122A31A026000AD9EE /* Release */ = {
			isa = XCBuildConfiguration;
			buildSettings = {
				ALWAYS_EMBED_SWIFT_STANDARD_LIBRARIES = YES;
				CODE_SIGN_STYLE = Automatic;
				CURRENT_PROJECT_VERSION = 1;
				DEVELOPMENT_TEAM = 8DURMPUBZ2;
				GENERATE_INFOPLIST_FILE = YES;
				IPHONEOS_DEPLOYMENT_TARGET = 16.4;
				MACOSX_DEPLOYMENT_TARGET = 13.0;
				MARKETING_VERSION = 1.0;
				PRODUCT_BUNDLE_IDENTIFIER = com.alex.apostol.FeedLoaderTests;
				PRODUCT_NAME = "$(TARGET_NAME)";
				SDKROOT = auto;
				SUPPORTED_PLATFORMS = "iphoneos iphonesimulator macosx";
				SWIFT_EMIT_LOC_STRINGS = NO;
				SWIFT_VERSION = 5.0;
				TARGETED_DEVICE_FAMILY = "1,2";
			};
			name = Release;
		};
		CB3B2DBF2A99F14700CA52C7 /* Debug */ = {
			isa = XCBuildConfiguration;
			buildSettings = {
				CODE_SIGN_STYLE = Automatic;
				CURRENT_PROJECT_VERSION = 1;
				DEVELOPMENT_TEAM = 8DURMPUBZ2;
				GENERATE_INFOPLIST_FILE = YES;
				MACOSX_DEPLOYMENT_TARGET = 13.3;
				MARKETING_VERSION = 1.0;
				PRODUCT_BUNDLE_IDENTIFIER = com.alex.apostol.FeedLoaderCacheIntegrationTests;
				PRODUCT_NAME = "$(TARGET_NAME)";
				SDKROOT = macosx;
				SUPPORTED_PLATFORMS = "iphoneos iphonesimulator macosx";
				SUPPORTS_MACCATALYST = NO;
				SUPPORTS_MAC_DESIGNED_FOR_IPHONE_IPAD = NO;
				SWIFT_EMIT_LOC_STRINGS = NO;
				SWIFT_VERSION = 5.0;
				TARGETED_DEVICE_FAMILY = "1,2";
			};
			name = Debug;
		};
		CB3B2DC02A99F14700CA52C7 /* Release */ = {
			isa = XCBuildConfiguration;
			buildSettings = {
				CODE_SIGN_STYLE = Automatic;
				CURRENT_PROJECT_VERSION = 1;
				DEVELOPMENT_TEAM = 8DURMPUBZ2;
				GENERATE_INFOPLIST_FILE = YES;
				MACOSX_DEPLOYMENT_TARGET = 13.3;
				MARKETING_VERSION = 1.0;
				PRODUCT_BUNDLE_IDENTIFIER = com.alex.apostol.FeedLoaderCacheIntegrationTests;
				PRODUCT_NAME = "$(TARGET_NAME)";
				SDKROOT = macosx;
				SUPPORTED_PLATFORMS = "iphoneos iphonesimulator macosx";
				SUPPORTS_MACCATALYST = NO;
				SUPPORTS_MAC_DESIGNED_FOR_IPHONE_IPAD = NO;
				SWIFT_EMIT_LOC_STRINGS = NO;
				SWIFT_VERSION = 5.0;
				TARGETED_DEVICE_FAMILY = "1,2";
			};
			name = Release;
		};
		CB80F5CA2AA9981A0059453D /* Debug */ = {
			isa = XCBuildConfiguration;
			buildSettings = {
				CLANG_ENABLE_MODULES = YES;
				CODE_SIGN_STYLE = Automatic;
				CURRENT_PROJECT_VERSION = 1;
				DEFINES_MODULE = YES;
				DEVELOPMENT_TEAM = 8DURMPUBZ2;
				DYLIB_COMPATIBILITY_VERSION = 1;
				DYLIB_CURRENT_VERSION = 1;
				DYLIB_INSTALL_NAME_BASE = "@rpath";
				ENABLE_MODULE_VERIFIER = YES;
				GENERATE_INFOPLIST_FILE = YES;
				INFOPLIST_KEY_NSHumanReadableCopyright = "";
				INSTALL_PATH = "$(LOCAL_LIBRARY_DIR)/Frameworks";
				IPHONEOS_DEPLOYMENT_TARGET = 16.4;
				LD_RUNPATH_SEARCH_PATHS = (
					"$(inherited)",
					"@executable_path/Frameworks",
					"@loader_path/Frameworks",
				);
				MARKETING_VERSION = 1.0;
				MODULE_VERIFIER_SUPPORTED_LANGUAGES = "objective-c objective-c++";
				MODULE_VERIFIER_SUPPORTED_LANGUAGE_STANDARDS = "gnu11 gnu++20";
				PRODUCT_BUNDLE_IDENTIFIER = com.alex.apostol.EssentialFeediOS;
				PRODUCT_NAME = "$(TARGET_NAME:c99extidentifier)";
				SDKROOT = iphoneos;
				SKIP_INSTALL = YES;
				SWIFT_EMIT_LOC_STRINGS = YES;
				SWIFT_OPTIMIZATION_LEVEL = "-Onone";
				SWIFT_VERSION = 5.0;
				TARGETED_DEVICE_FAMILY = "1,2";
			};
			name = Debug;
		};
		CB80F5CB2AA9981A0059453D /* Release */ = {
			isa = XCBuildConfiguration;
			buildSettings = {
				CLANG_ENABLE_MODULES = YES;
				CODE_SIGN_STYLE = Automatic;
				CURRENT_PROJECT_VERSION = 1;
				DEFINES_MODULE = YES;
				DEVELOPMENT_TEAM = 8DURMPUBZ2;
				DYLIB_COMPATIBILITY_VERSION = 1;
				DYLIB_CURRENT_VERSION = 1;
				DYLIB_INSTALL_NAME_BASE = "@rpath";
				ENABLE_MODULE_VERIFIER = YES;
				GENERATE_INFOPLIST_FILE = YES;
				INFOPLIST_KEY_NSHumanReadableCopyright = "";
				INSTALL_PATH = "$(LOCAL_LIBRARY_DIR)/Frameworks";
				IPHONEOS_DEPLOYMENT_TARGET = 16.4;
				LD_RUNPATH_SEARCH_PATHS = (
					"$(inherited)",
					"@executable_path/Frameworks",
					"@loader_path/Frameworks",
				);
				MARKETING_VERSION = 1.0;
				MODULE_VERIFIER_SUPPORTED_LANGUAGES = "objective-c objective-c++";
				MODULE_VERIFIER_SUPPORTED_LANGUAGE_STANDARDS = "gnu11 gnu++20";
				PRODUCT_BUNDLE_IDENTIFIER = com.alex.apostol.EssentialFeediOS;
				PRODUCT_NAME = "$(TARGET_NAME:c99extidentifier)";
				SDKROOT = iphoneos;
				SKIP_INSTALL = YES;
				SWIFT_EMIT_LOC_STRINGS = YES;
				SWIFT_VERSION = 5.0;
				TARGETED_DEVICE_FAMILY = "1,2";
				VALIDATE_PRODUCT = YES;
			};
			name = Release;
		};
		CB80F5CC2AA9981A0059453D /* Debug */ = {
			isa = XCBuildConfiguration;
			buildSettings = {
				ALWAYS_EMBED_SWIFT_STANDARD_LIBRARIES = YES;
				CLANG_ENABLE_MODULES = YES;
				CODE_SIGN_STYLE = Automatic;
				CURRENT_PROJECT_VERSION = 1;
				DEVELOPMENT_TEAM = 8DURMPUBZ2;
				GENERATE_INFOPLIST_FILE = YES;
				IPHONEOS_DEPLOYMENT_TARGET = 16.4;
				MARKETING_VERSION = 1.0;
				PRODUCT_BUNDLE_IDENTIFIER = com.alex.apostol.EssentialFeediOSTests;
				PRODUCT_NAME = "$(TARGET_NAME)";
				SDKROOT = iphoneos;
				SWIFT_EMIT_LOC_STRINGS = NO;
				SWIFT_OBJC_BRIDGING_HEADER = "EssentialFeediOSTests/EssentialFeediOSTests-Bridging-Header.h";
				SWIFT_OPTIMIZATION_LEVEL = "-Onone";
				SWIFT_VERSION = 5.0;
				TARGETED_DEVICE_FAMILY = "1,2";
			};
			name = Debug;
		};
		CB80F5CD2AA9981A0059453D /* Release */ = {
			isa = XCBuildConfiguration;
			buildSettings = {
				ALWAYS_EMBED_SWIFT_STANDARD_LIBRARIES = YES;
				CLANG_ENABLE_MODULES = YES;
				CODE_SIGN_STYLE = Automatic;
				CURRENT_PROJECT_VERSION = 1;
				DEVELOPMENT_TEAM = 8DURMPUBZ2;
				GENERATE_INFOPLIST_FILE = YES;
				IPHONEOS_DEPLOYMENT_TARGET = 16.4;
				MARKETING_VERSION = 1.0;
				PRODUCT_BUNDLE_IDENTIFIER = com.alex.apostol.EssentialFeediOSTests;
				PRODUCT_NAME = "$(TARGET_NAME)";
				SDKROOT = iphoneos;
				SWIFT_EMIT_LOC_STRINGS = NO;
				SWIFT_OBJC_BRIDGING_HEADER = "EssentialFeediOSTests/EssentialFeediOSTests-Bridging-Header.h";
				SWIFT_VERSION = 5.0;
				TARGETED_DEVICE_FAMILY = "1,2";
				VALIDATE_PRODUCT = YES;
			};
			name = Release;
		};
/* End XCBuildConfiguration section */

/* Begin XCConfigurationList section */
		A340D4872A3E04A5009A7965 /* Build configuration list for PBXNativeTarget "FeedLoaderApiEndToEndTests" */ = {
			isa = XCConfigurationList;
			buildConfigurations = (
				A340D4882A3E04A5009A7965 /* Debug */,
				A340D4892A3E04A5009A7965 /* Release */,
			);
			defaultConfigurationIsVisible = 0;
			defaultConfigurationName = Release;
		};
		A3EE1BF32A31A025000AD9EE /* Build configuration list for PBXProject "FeedLoader" */ = {
			isa = XCConfigurationList;
			buildConfigurations = (
				A3EE1C0B2A31A026000AD9EE /* Debug */,
				A3EE1C0C2A31A026000AD9EE /* Release */,
			);
			defaultConfigurationIsVisible = 0;
			defaultConfigurationName = Release;
		};
		A3EE1C0D2A31A026000AD9EE /* Build configuration list for PBXNativeTarget "FeedLoader" */ = {
			isa = XCConfigurationList;
			buildConfigurations = (
				A3EE1C0E2A31A026000AD9EE /* Debug */,
				A3EE1C0F2A31A026000AD9EE /* Release */,
			);
			defaultConfigurationIsVisible = 0;
			defaultConfigurationName = Release;
		};
		A3EE1C102A31A026000AD9EE /* Build configuration list for PBXNativeTarget "FeedLoaderTests" */ = {
			isa = XCConfigurationList;
			buildConfigurations = (
				A3EE1C112A31A026000AD9EE /* Debug */,
				A3EE1C122A31A026000AD9EE /* Release */,
			);
			defaultConfigurationIsVisible = 0;
			defaultConfigurationName = Release;
		};
		CB3B2DBE2A99F14700CA52C7 /* Build configuration list for PBXNativeTarget "FeedLoaderCacheIntegrationTests" */ = {
			isa = XCConfigurationList;
			buildConfigurations = (
				CB3B2DBF2A99F14700CA52C7 /* Debug */,
				CB3B2DC02A99F14700CA52C7 /* Release */,
			);
			defaultConfigurationIsVisible = 0;
			defaultConfigurationName = Release;
		};
		CB80F5CE2AA9981A0059453D /* Build configuration list for PBXNativeTarget "EssentialFeediOS" */ = {
			isa = XCConfigurationList;
			buildConfigurations = (
				CB80F5CA2AA9981A0059453D /* Debug */,
				CB80F5CB2AA9981A0059453D /* Release */,
			);
			defaultConfigurationIsVisible = 0;
			defaultConfigurationName = Release;
		};
		CB80F5CF2AA9981A0059453D /* Build configuration list for PBXNativeTarget "EssentialFeediOSTests" */ = {
			isa = XCConfigurationList;
			buildConfigurations = (
				CB80F5CC2AA9981A0059453D /* Debug */,
				CB80F5CD2AA9981A0059453D /* Release */,
			);
			defaultConfigurationIsVisible = 0;
			defaultConfigurationName = Release;
		};
/* End XCConfigurationList section */

/* Begin XCVersionGroup section */
		CB3B2DCB2A9B5A5800CA52C7 /* FeedStore.xcdatamodeld */ = {
			isa = XCVersionGroup;
			children = (
				CB3B2DCC2A9B5A5800CA52C7 /* FeedStore.xcdatamodel */,
			);
			currentVersion = CB3B2DCC2A9B5A5800CA52C7 /* FeedStore.xcdatamodel */;
			path = FeedStore.xcdatamodeld;
			sourceTree = "<group>";
			versionGroupType = wrapper.xcdatamodel;
		};
/* End XCVersionGroup section */
	};
	rootObject = A3EE1BF02A31A025000AD9EE /* Project object */;
}
