// !$*UTF8*$!
{
	archiveVersion = 1;
	classes = {
	};
	objectVersion = 56;
	objects = {

/* Begin PBXBuildFile section */
		CBA28B4D2B03427600D3BD25 /* AppDelegate.swift in Sources */ = {isa = PBXBuildFile; fileRef = CBA28B4C2B03427600D3BD25 /* AppDelegate.swift */; };
		CBA28B4F2B03427600D3BD25 /* SceneDelegate.swift in Sources */ = {isa = PBXBuildFile; fileRef = CBA28B4E2B03427600D3BD25 /* SceneDelegate.swift */; };
		CBA28B512B03427600D3BD25 /* ViewController.swift in Sources */ = {isa = PBXBuildFile; fileRef = CBA28B502B03427600D3BD25 /* ViewController.swift */; };
		CBA28B542B03427600D3BD25 /* Main.storyboard in Resources */ = {isa = PBXBuildFile; fileRef = CBA28B522B03427600D3BD25 /* Main.storyboard */; };
		CBA28B562B03427700D3BD25 /* Assets.xcassets in Resources */ = {isa = PBXBuildFile; fileRef = CBA28B552B03427700D3BD25 /* Assets.xcassets */; };
		CBA28B592B03427700D3BD25 /* LaunchScreen.storyboard in Resources */ = {isa = PBXBuildFile; fileRef = CBA28B572B03427700D3BD25 /* LaunchScreen.storyboard */; };
		CBA28B642B03427800D3BD25 /* EssentialFeedTests.swift in Sources */ = {isa = PBXBuildFile; fileRef = CBA28B632B03427800D3BD25 /* EssentialFeedTests.swift */; };
		CBA28B6E2B03427800D3BD25 /* EssentialFeedUITests.swift in Sources */ = {isa = PBXBuildFile; fileRef = CBA28B6D2B03427800D3BD25 /* EssentialFeedUITests.swift */; };
		CBA28B702B03427800D3BD25 /* EssentialFeedUITestsLaunchTests.swift in Sources */ = {isa = PBXBuildFile; fileRef = CBA28B6F2B03427800D3BD25 /* EssentialFeedUITestsLaunchTests.swift */; };
		CBA28B7E2B03437F00D3BD25 /* EssentialFeediOS.framework in Frameworks */ = {isa = PBXBuildFile; fileRef = CBA28B7D2B03437F00D3BD25 /* EssentialFeediOS.framework */; };
		CBA28B7F2B03437F00D3BD25 /* EssentialFeediOS.framework in Embed Frameworks */ = {isa = PBXBuildFile; fileRef = CBA28B7D2B03437F00D3BD25 /* EssentialFeediOS.framework */; settings = {ATTRIBUTES = (CodeSignOnCopy, RemoveHeadersOnCopy, ); }; };
		CBA28B822B03438400D3BD25 /* FeedLoader.framework in Frameworks */ = {isa = PBXBuildFile; fileRef = CBA28B812B03438400D3BD25 /* FeedLoader.framework */; };
		CBA28B832B03438400D3BD25 /* FeedLoader.framework in Embed Frameworks */ = {isa = PBXBuildFile; fileRef = CBA28B812B03438400D3BD25 /* FeedLoader.framework */; settings = {ATTRIBUTES = (CodeSignOnCopy, RemoveHeadersOnCopy, ); }; };
/* End PBXBuildFile section */

/* Begin PBXContainerItemProxy section */
		CBA28B602B03427800D3BD25 /* PBXContainerItemProxy */ = {
			isa = PBXContainerItemProxy;
			containerPortal = CBA28B412B03427600D3BD25 /* Project object */;
			proxyType = 1;
			remoteGlobalIDString = CBA28B482B03427600D3BD25;
			remoteInfo = EssentialFeed;
		};
		CBA28B6A2B03427800D3BD25 /* PBXContainerItemProxy */ = {
			isa = PBXContainerItemProxy;
			containerPortal = CBA28B412B03427600D3BD25 /* Project object */;
			proxyType = 1;
			remoteGlobalIDString = CBA28B482B03427600D3BD25;
			remoteInfo = EssentialFeed;
		};
/* End PBXContainerItemProxy section */

/* Begin PBXCopyFilesBuildPhase section */
		CBA28B802B03437F00D3BD25 /* Embed Frameworks */ = {
			isa = PBXCopyFilesBuildPhase;
			buildActionMask = 2147483647;
			dstPath = "";
			dstSubfolderSpec = 10;
			files = (
				CBA28B7F2B03437F00D3BD25 /* EssentialFeediOS.framework in Embed Frameworks */,
				CBA28B832B03438400D3BD25 /* FeedLoader.framework in Embed Frameworks */,
			);
			name = "Embed Frameworks";
			runOnlyForDeploymentPostprocessing = 0;
		};
/* End PBXCopyFilesBuildPhase section */

/* Begin PBXFileReference section */
		CBA28B492B03427600D3BD25 /* EssentialFeed.app */ = {isa = PBXFileReference; explicitFileType = wrapper.application; includeInIndex = 0; path = EssentialFeed.app; sourceTree = BUILT_PRODUCTS_DIR; };
		CBA28B4C2B03427600D3BD25 /* AppDelegate.swift */ = {isa = PBXFileReference; lastKnownFileType = sourcecode.swift; path = AppDelegate.swift; sourceTree = "<group>"; };
		CBA28B4E2B03427600D3BD25 /* SceneDelegate.swift */ = {isa = PBXFileReference; lastKnownFileType = sourcecode.swift; path = SceneDelegate.swift; sourceTree = "<group>"; };
		CBA28B502B03427600D3BD25 /* ViewController.swift */ = {isa = PBXFileReference; lastKnownFileType = sourcecode.swift; path = ViewController.swift; sourceTree = "<group>"; };
		CBA28B532B03427600D3BD25 /* Base */ = {isa = PBXFileReference; lastKnownFileType = file.storyboard; name = Base; path = Base.lproj/Main.storyboard; sourceTree = "<group>"; };
		CBA28B552B03427700D3BD25 /* Assets.xcassets */ = {isa = PBXFileReference; lastKnownFileType = folder.assetcatalog; path = Assets.xcassets; sourceTree = "<group>"; };
		CBA28B582B03427700D3BD25 /* Base */ = {isa = PBXFileReference; lastKnownFileType = file.storyboard; name = Base; path = Base.lproj/LaunchScreen.storyboard; sourceTree = "<group>"; };
		CBA28B5A2B03427700D3BD25 /* Info.plist */ = {isa = PBXFileReference; lastKnownFileType = text.plist.xml; path = Info.plist; sourceTree = "<group>"; };
		CBA28B5F2B03427800D3BD25 /* EssentialFeedTests.xctest */ = {isa = PBXFileReference; explicitFileType = wrapper.cfbundle; includeInIndex = 0; path = EssentialFeedTests.xctest; sourceTree = BUILT_PRODUCTS_DIR; };
		CBA28B632B03427800D3BD25 /* EssentialFeedTests.swift */ = {isa = PBXFileReference; lastKnownFileType = sourcecode.swift; path = EssentialFeedTests.swift; sourceTree = "<group>"; };
		CBA28B692B03427800D3BD25 /* EssentialFeedUITests.xctest */ = {isa = PBXFileReference; explicitFileType = wrapper.cfbundle; includeInIndex = 0; path = EssentialFeedUITests.xctest; sourceTree = BUILT_PRODUCTS_DIR; };
		CBA28B6D2B03427800D3BD25 /* EssentialFeedUITests.swift */ = {isa = PBXFileReference; lastKnownFileType = sourcecode.swift; path = EssentialFeedUITests.swift; sourceTree = "<group>"; };
		CBA28B6F2B03427800D3BD25 /* EssentialFeedUITestsLaunchTests.swift */ = {isa = PBXFileReference; lastKnownFileType = sourcecode.swift; path = EssentialFeedUITestsLaunchTests.swift; sourceTree = "<group>"; };
		CBA28B7D2B03437F00D3BD25 /* EssentialFeediOS.framework */ = {isa = PBXFileReference; explicitFileType = wrapper.framework; path = EssentialFeediOS.framework; sourceTree = BUILT_PRODUCTS_DIR; };
		CBA28B812B03438400D3BD25 /* FeedLoader.framework */ = {isa = PBXFileReference; explicitFileType = wrapper.framework; path = FeedLoader.framework; sourceTree = BUILT_PRODUCTS_DIR; };
/* End PBXFileReference section */

/* Begin PBXFrameworksBuildPhase section */
		CBA28B462B03427600D3BD25 /* Frameworks */ = {
			isa = PBXFrameworksBuildPhase;
			buildActionMask = 2147483647;
			files = (
				CBA28B7E2B03437F00D3BD25 /* EssentialFeediOS.framework in Frameworks */,
				CBA28B822B03438400D3BD25 /* FeedLoader.framework in Frameworks */,
			);
			runOnlyForDeploymentPostprocessing = 0;
		};
		CBA28B5C2B03427800D3BD25 /* Frameworks */ = {
			isa = PBXFrameworksBuildPhase;
			buildActionMask = 2147483647;
			files = (
			);
			runOnlyForDeploymentPostprocessing = 0;
		};
		CBA28B662B03427800D3BD25 /* Frameworks */ = {
			isa = PBXFrameworksBuildPhase;
			buildActionMask = 2147483647;
			files = (
			);
			runOnlyForDeploymentPostprocessing = 0;
		};
/* End PBXFrameworksBuildPhase section */

/* Begin PBXGroup section */
		CBA28B402B03427600D3BD25 = {
			isa = PBXGroup;
			children = (
				CBA28B4B2B03427600D3BD25 /* EssentialFeed */,
				CBA28B622B03427800D3BD25 /* EssentialFeedTests */,
				CBA28B6C2B03427800D3BD25 /* EssentialFeedUITests */,
				CBA28B4A2B03427600D3BD25 /* Products */,
				CBA28B7C2B03437F00D3BD25 /* Frameworks */,
			);
			sourceTree = "<group>";
		};
		CBA28B4A2B03427600D3BD25 /* Products */ = {
			isa = PBXGroup;
			children = (
				CBA28B492B03427600D3BD25 /* EssentialFeed.app */,
				CBA28B5F2B03427800D3BD25 /* EssentialFeedTests.xctest */,
				CBA28B692B03427800D3BD25 /* EssentialFeedUITests.xctest */,
			);
			name = Products;
			sourceTree = "<group>";
		};
		CBA28B4B2B03427600D3BD25 /* EssentialFeed */ = {
			isa = PBXGroup;
			children = (
				CBA28B4C2B03427600D3BD25 /* AppDelegate.swift */,
				CBA28B4E2B03427600D3BD25 /* SceneDelegate.swift */,
				CBA28B502B03427600D3BD25 /* ViewController.swift */,
				CBA28B522B03427600D3BD25 /* Main.storyboard */,
				CBA28B552B03427700D3BD25 /* Assets.xcassets */,
				CBA28B572B03427700D3BD25 /* LaunchScreen.storyboard */,
				CBA28B5A2B03427700D3BD25 /* Info.plist */,
			);
			path = EssentialFeed;
			sourceTree = "<group>";
		};
		CBA28B622B03427800D3BD25 /* EssentialFeedTests */ = {
			isa = PBXGroup;
			children = (
				CBA28B632B03427800D3BD25 /* EssentialFeedTests.swift */,
			);
			path = EssentialFeedTests;
			sourceTree = "<group>";
		};
		CBA28B6C2B03427800D3BD25 /* EssentialFeedUITests */ = {
			isa = PBXGroup;
			children = (
				CBA28B6D2B03427800D3BD25 /* EssentialFeedUITests.swift */,
				CBA28B6F2B03427800D3BD25 /* EssentialFeedUITestsLaunchTests.swift */,
			);
			path = EssentialFeedUITests;
			sourceTree = "<group>";
		};
		CBA28B7C2B03437F00D3BD25 /* Frameworks */ = {
			isa = PBXGroup;
			children = (
				CBA28B812B03438400D3BD25 /* FeedLoader.framework */,
				CBA28B7D2B03437F00D3BD25 /* EssentialFeediOS.framework */,
			);
			name = Frameworks;
			sourceTree = "<group>";
		};
/* End PBXGroup section */

/* Begin PBXNativeTarget section */
		CBA28B482B03427600D3BD25 /* EssentialFeed */ = {
			isa = PBXNativeTarget;
			buildConfigurationList = CBA28B732B03427800D3BD25 /* Build configuration list for PBXNativeTarget "EssentialFeed" */;
			buildPhases = (
				CBA28B452B03427600D3BD25 /* Sources */,
				CBA28B462B03427600D3BD25 /* Frameworks */,
				CBA28B472B03427600D3BD25 /* Resources */,
				CBA28B802B03437F00D3BD25 /* Embed Frameworks */,
			);
			buildRules = (
			);
			dependencies = (
			);
			name = EssentialFeed;
			productName = EssentialFeed;
			productReference = CBA28B492B03427600D3BD25 /* EssentialFeed.app */;
			productType = "com.apple.product-type.application";
		};
		CBA28B5E2B03427800D3BD25 /* EssentialFeedTests */ = {
			isa = PBXNativeTarget;
			buildConfigurationList = CBA28B762B03427800D3BD25 /* Build configuration list for PBXNativeTarget "EssentialFeedTests" */;
			buildPhases = (
				CBA28B5B2B03427800D3BD25 /* Sources */,
				CBA28B5C2B03427800D3BD25 /* Frameworks */,
				CBA28B5D2B03427800D3BD25 /* Resources */,
			);
			buildRules = (
			);
			dependencies = (
				CBA28B612B03427800D3BD25 /* PBXTargetDependency */,
			);
			name = EssentialFeedTests;
			productName = EssentialFeedTests;
			productReference = CBA28B5F2B03427800D3BD25 /* EssentialFeedTests.xctest */;
			productType = "com.apple.product-type.bundle.unit-test";
		};
		CBA28B682B03427800D3BD25 /* EssentialFeedUITests */ = {
			isa = PBXNativeTarget;
			buildConfigurationList = CBA28B792B03427800D3BD25 /* Build configuration list for PBXNativeTarget "EssentialFeedUITests" */;
			buildPhases = (
				CBA28B652B03427800D3BD25 /* Sources */,
				CBA28B662B03427800D3BD25 /* Frameworks */,
				CBA28B672B03427800D3BD25 /* Resources */,
			);
			buildRules = (
			);
			dependencies = (
				CBA28B6B2B03427800D3BD25 /* PBXTargetDependency */,
			);
			name = EssentialFeedUITests;
			productName = EssentialFeedUITests;
			productReference = CBA28B692B03427800D3BD25 /* EssentialFeedUITests.xctest */;
			productType = "com.apple.product-type.bundle.ui-testing";
		};
/* End PBXNativeTarget section */

/* Begin PBXProject section */
		CBA28B412B03427600D3BD25 /* Project object */ = {
			isa = PBXProject;
			attributes = {
				BuildIndependentTargetsInParallel = 1;
				LastSwiftUpdateCheck = 1500;
				LastUpgradeCheck = 1500;
				TargetAttributes = {
					CBA28B482B03427600D3BD25 = {
						CreatedOnToolsVersion = 15.0;
					};
					CBA28B5E2B03427800D3BD25 = {
						CreatedOnToolsVersion = 15.0;
						TestTargetID = CBA28B482B03427600D3BD25;
					};
					CBA28B682B03427800D3BD25 = {
						CreatedOnToolsVersion = 15.0;
						TestTargetID = CBA28B482B03427600D3BD25;
					};
				};
			};
			buildConfigurationList = CBA28B442B03427600D3BD25 /* Build configuration list for PBXProject "EssentialFeed" */;
			compatibilityVersion = "Xcode 14.0";
			developmentRegion = en;
			hasScannedForEncodings = 0;
			knownRegions = (
				en,
				Base,
			);
			mainGroup = CBA28B402B03427600D3BD25;
			productRefGroup = CBA28B4A2B03427600D3BD25 /* Products */;
			projectDirPath = "";
			projectRoot = "";
			targets = (
				CBA28B482B03427600D3BD25 /* EssentialFeed */,
				CBA28B5E2B03427800D3BD25 /* EssentialFeedTests */,
				CBA28B682B03427800D3BD25 /* EssentialFeedUITests */,
			);
		};
/* End PBXProject section */

/* Begin PBXResourcesBuildPhase section */
		CBA28B472B03427600D3BD25 /* Resources */ = {
			isa = PBXResourcesBuildPhase;
			buildActionMask = 2147483647;
			files = (
				CBA28B592B03427700D3BD25 /* LaunchScreen.storyboard in Resources */,
				CBA28B562B03427700D3BD25 /* Assets.xcassets in Resources */,
				CBA28B542B03427600D3BD25 /* Main.storyboard in Resources */,
			);
			runOnlyForDeploymentPostprocessing = 0;
		};
		CBA28B5D2B03427800D3BD25 /* Resources */ = {
			isa = PBXResourcesBuildPhase;
			buildActionMask = 2147483647;
			files = (
			);
			runOnlyForDeploymentPostprocessing = 0;
		};
		CBA28B672B03427800D3BD25 /* Resources */ = {
			isa = PBXResourcesBuildPhase;
			buildActionMask = 2147483647;
			files = (
			);
			runOnlyForDeploymentPostprocessing = 0;
		};
/* End PBXResourcesBuildPhase section */

/* Begin PBXSourcesBuildPhase section */
		CBA28B452B03427600D3BD25 /* Sources */ = {
			isa = PBXSourcesBuildPhase;
			buildActionMask = 2147483647;
			files = (
				CBA28B512B03427600D3BD25 /* ViewController.swift in Sources */,
				CBA28B4D2B03427600D3BD25 /* AppDelegate.swift in Sources */,
				CBA28B4F2B03427600D3BD25 /* SceneDelegate.swift in Sources */,
			);
			runOnlyForDeploymentPostprocessing = 0;
		};
		CBA28B5B2B03427800D3BD25 /* Sources */ = {
			isa = PBXSourcesBuildPhase;
			buildActionMask = 2147483647;
			files = (
				CBA28B642B03427800D3BD25 /* EssentialFeedTests.swift in Sources */,
			);
			runOnlyForDeploymentPostprocessing = 0;
		};
		CBA28B652B03427800D3BD25 /* Sources */ = {
			isa = PBXSourcesBuildPhase;
			buildActionMask = 2147483647;
			files = (
				CBA28B6E2B03427800D3BD25 /* EssentialFeedUITests.swift in Sources */,
				CBA28B702B03427800D3BD25 /* EssentialFeedUITestsLaunchTests.swift in Sources */,
			);
			runOnlyForDeploymentPostprocessing = 0;
		};
/* End PBXSourcesBuildPhase section */

/* Begin PBXTargetDependency section */
		CBA28B612B03427800D3BD25 /* PBXTargetDependency */ = {
			isa = PBXTargetDependency;
			target = CBA28B482B03427600D3BD25 /* EssentialFeed */;
			targetProxy = CBA28B602B03427800D3BD25 /* PBXContainerItemProxy */;
		};
		CBA28B6B2B03427800D3BD25 /* PBXTargetDependency */ = {
			isa = PBXTargetDependency;
			target = CBA28B482B03427600D3BD25 /* EssentialFeed */;
			targetProxy = CBA28B6A2B03427800D3BD25 /* PBXContainerItemProxy */;
		};
/* End PBXTargetDependency section */

/* Begin PBXVariantGroup section */
		CBA28B522B03427600D3BD25 /* Main.storyboard */ = {
			isa = PBXVariantGroup;
			children = (
				CBA28B532B03427600D3BD25 /* Base */,
			);
			name = Main.storyboard;
			sourceTree = "<group>";
		};
		CBA28B572B03427700D3BD25 /* LaunchScreen.storyboard */ = {
			isa = PBXVariantGroup;
			children = (
				CBA28B582B03427700D3BD25 /* Base */,
			);
			name = LaunchScreen.storyboard;
			sourceTree = "<group>";
		};
/* End PBXVariantGroup section */

/* Begin XCBuildConfiguration section */
		CBA28B712B03427800D3BD25 /* Debug */ = {
			isa = XCBuildConfiguration;
			buildSettings = {
				ALWAYS_SEARCH_USER_PATHS = NO;
				ASSETCATALOG_COMPILER_GENERATE_SWIFT_ASSET_SYMBOL_EXTENSIONS = YES;
				CLANG_ANALYZER_NONNULL = YES;
				CLANG_ANALYZER_NUMBER_OBJECT_CONVERSION = YES_AGGRESSIVE;
				CLANG_CXX_LANGUAGE_STANDARD = "gnu++20";
				CLANG_ENABLE_MODULES = YES;
				CLANG_ENABLE_OBJC_ARC = YES;
				CLANG_ENABLE_OBJC_WEAK = YES;
				CLANG_WARN_BLOCK_CAPTURE_AUTORELEASING = YES;
				CLANG_WARN_BOOL_CONVERSION = YES;
				CLANG_WARN_COMMA = YES;
				CLANG_WARN_CONSTANT_CONVERSION = YES;
				CLANG_WARN_DEPRECATED_OBJC_IMPLEMENTATIONS = YES;
				CLANG_WARN_DIRECT_OBJC_ISA_USAGE = YES_ERROR;
				CLANG_WARN_DOCUMENTATION_COMMENTS = YES;
				CLANG_WARN_EMPTY_BODY = YES;
				CLANG_WARN_ENUM_CONVERSION = YES;
				CLANG_WARN_INFINITE_RECURSION = YES;
				CLANG_WARN_INT_CONVERSION = YES;
				CLANG_WARN_NON_LITERAL_NULL_CONVERSION = YES;
				CLANG_WARN_OBJC_IMPLICIT_RETAIN_SELF = YES;
				CLANG_WARN_OBJC_LITERAL_CONVERSION = YES;
				CLANG_WARN_OBJC_ROOT_CLASS = YES_ERROR;
				CLANG_WARN_QUOTED_INCLUDE_IN_FRAMEWORK_HEADER = YES;
				CLANG_WARN_RANGE_LOOP_ANALYSIS = YES;
				CLANG_WARN_STRICT_PROTOTYPES = YES;
				CLANG_WARN_SUSPICIOUS_MOVE = YES;
				CLANG_WARN_UNGUARDED_AVAILABILITY = YES_AGGRESSIVE;
				CLANG_WARN_UNREACHABLE_CODE = YES;
				CLANG_WARN__DUPLICATE_METHOD_MATCH = YES;
				COPY_PHASE_STRIP = NO;
				DEBUG_INFORMATION_FORMAT = dwarf;
				ENABLE_STRICT_OBJC_MSGSEND = YES;
				ENABLE_TESTABILITY = YES;
				ENABLE_USER_SCRIPT_SANDBOXING = YES;
				GCC_C_LANGUAGE_STANDARD = gnu17;
				GCC_DYNAMIC_NO_PIC = NO;
				GCC_NO_COMMON_BLOCKS = YES;
				GCC_OPTIMIZATION_LEVEL = 0;
				GCC_PREPROCESSOR_DEFINITIONS = (
					"DEBUG=1",
					"$(inherited)",
				);
				GCC_WARN_64_TO_32_BIT_CONVERSION = YES;
				GCC_WARN_ABOUT_RETURN_TYPE = YES_ERROR;
				GCC_WARN_UNDECLARED_SELECTOR = YES;
				GCC_WARN_UNINITIALIZED_AUTOS = YES_AGGRESSIVE;
				GCC_WARN_UNUSED_FUNCTION = YES;
				GCC_WARN_UNUSED_VARIABLE = YES;
				IPHONEOS_DEPLOYMENT_TARGET = 17.0;
				LOCALIZATION_PREFERS_STRING_CATALOGS = YES;
				MTL_ENABLE_DEBUG_INFO = INCLUDE_SOURCE;
				MTL_FAST_MATH = YES;
				ONLY_ACTIVE_ARCH = YES;
				SDKROOT = iphoneos;
				SWIFT_ACTIVE_COMPILATION_CONDITIONS = "DEBUG $(inherited)";
				SWIFT_OPTIMIZATION_LEVEL = "-Onone";
			};
			name = Debug;
		};
		CBA28B722B03427800D3BD25 /* Release */ = {
			isa = XCBuildConfiguration;
			buildSettings = {
				ALWAYS_SEARCH_USER_PATHS = NO;
				ASSETCATALOG_COMPILER_GENERATE_SWIFT_ASSET_SYMBOL_EXTENSIONS = YES;
				CLANG_ANALYZER_NONNULL = YES;
				CLANG_ANALYZER_NUMBER_OBJECT_CONVERSION = YES_AGGRESSIVE;
				CLANG_CXX_LANGUAGE_STANDARD = "gnu++20";
				CLANG_ENABLE_MODULES = YES;
				CLANG_ENABLE_OBJC_ARC = YES;
				CLANG_ENABLE_OBJC_WEAK = YES;
				CLANG_WARN_BLOCK_CAPTURE_AUTORELEASING = YES;
				CLANG_WARN_BOOL_CONVERSION = YES;
				CLANG_WARN_COMMA = YES;
				CLANG_WARN_CONSTANT_CONVERSION = YES;
				CLANG_WARN_DEPRECATED_OBJC_IMPLEMENTATIONS = YES;
				CLANG_WARN_DIRECT_OBJC_ISA_USAGE = YES_ERROR;
				CLANG_WARN_DOCUMENTATION_COMMENTS = YES;
				CLANG_WARN_EMPTY_BODY = YES;
				CLANG_WARN_ENUM_CONVERSION = YES;
				CLANG_WARN_INFINITE_RECURSION = YES;
				CLANG_WARN_INT_CONVERSION = YES;
				CLANG_WARN_NON_LITERAL_NULL_CONVERSION = YES;
				CLANG_WARN_OBJC_IMPLICIT_RETAIN_SELF = YES;
				CLANG_WARN_OBJC_LITERAL_CONVERSION = YES;
				CLANG_WARN_OBJC_ROOT_CLASS = YES_ERROR;
				CLANG_WARN_QUOTED_INCLUDE_IN_FRAMEWORK_HEADER = YES;
				CLANG_WARN_RANGE_LOOP_ANALYSIS = YES;
				CLANG_WARN_STRICT_PROTOTYPES = YES;
				CLANG_WARN_SUSPICIOUS_MOVE = YES;
				CLANG_WARN_UNGUARDED_AVAILABILITY = YES_AGGRESSIVE;
				CLANG_WARN_UNREACHABLE_CODE = YES;
				CLANG_WARN__DUPLICATE_METHOD_MATCH = YES;
				COPY_PHASE_STRIP = NO;
				DEBUG_INFORMATION_FORMAT = "dwarf-with-dsym";
				ENABLE_NS_ASSERTIONS = NO;
				ENABLE_STRICT_OBJC_MSGSEND = YES;
				ENABLE_USER_SCRIPT_SANDBOXING = YES;
				GCC_C_LANGUAGE_STANDARD = gnu17;
				GCC_NO_COMMON_BLOCKS = YES;
				GCC_WARN_64_TO_32_BIT_CONVERSION = YES;
				GCC_WARN_ABOUT_RETURN_TYPE = YES_ERROR;
				GCC_WARN_UNDECLARED_SELECTOR = YES;
				GCC_WARN_UNINITIALIZED_AUTOS = YES_AGGRESSIVE;
				GCC_WARN_UNUSED_FUNCTION = YES;
				GCC_WARN_UNUSED_VARIABLE = YES;
				IPHONEOS_DEPLOYMENT_TARGET = 17.0;
				LOCALIZATION_PREFERS_STRING_CATALOGS = YES;
				MTL_ENABLE_DEBUG_INFO = NO;
				MTL_FAST_MATH = YES;
				SDKROOT = iphoneos;
				SWIFT_COMPILATION_MODE = wholemodule;
				VALIDATE_PRODUCT = YES;
			};
			name = Release;
		};
		CBA28B742B03427800D3BD25 /* Debug */ = {
			isa = XCBuildConfiguration;
			buildSettings = {
				ASSETCATALOG_COMPILER_APPICON_NAME = AppIcon;
				ASSETCATALOG_COMPILER_GLOBAL_ACCENT_COLOR_NAME = AccentColor;
				CODE_SIGN_STYLE = Automatic;
				CURRENT_PROJECT_VERSION = 1;
				DEVELOPMENT_TEAM = 8DURMPUBZ2;
				GENERATE_INFOPLIST_FILE = YES;
				INFOPLIST_FILE = EssentialFeed/Info.plist;
				INFOPLIST_KEY_UIApplicationSupportsIndirectInputEvents = YES;
				INFOPLIST_KEY_UILaunchStoryboardName = LaunchScreen;
				INFOPLIST_KEY_UIMainStoryboardFile = Main;
				INFOPLIST_KEY_UISupportedInterfaceOrientations_iPad = "UIInterfaceOrientationPortrait UIInterfaceOrientationPortraitUpsideDown UIInterfaceOrientationLandscapeLeft UIInterfaceOrientationLandscapeRight";
				INFOPLIST_KEY_UISupportedInterfaceOrientations_iPhone = "UIInterfaceOrientationPortrait UIInterfaceOrientationLandscapeLeft UIInterfaceOrientationLandscapeRight";
				LD_RUNPATH_SEARCH_PATHS = (
					"$(inherited)",
					"@executable_path/Frameworks",
				);
				MARKETING_VERSION = 1.0;
				PRODUCT_BUNDLE_IDENTIFIER = com.alex.apostol.EssentialFeed;
				PRODUCT_NAME = "$(TARGET_NAME)";
				SWIFT_EMIT_LOC_STRINGS = YES;
				SWIFT_VERSION = 5.0;
				TARGETED_DEVICE_FAMILY = "1,2";
			};
			name = Debug;
		};
		CBA28B752B03427800D3BD25 /* Release */ = {
			isa = XCBuildConfiguration;
			buildSettings = {
				ASSETCATALOG_COMPILER_APPICON_NAME = AppIcon;
				ASSETCATALOG_COMPILER_GLOBAL_ACCENT_COLOR_NAME = AccentColor;
				CODE_SIGN_STYLE = Automatic;
				CURRENT_PROJECT_VERSION = 1;
				DEVELOPMENT_TEAM = 8DURMPUBZ2;
				GENERATE_INFOPLIST_FILE = YES;
				INFOPLIST_FILE = EssentialFeed/Info.plist;
				INFOPLIST_KEY_UIApplicationSupportsIndirectInputEvents = YES;
				INFOPLIST_KEY_UILaunchStoryboardName = LaunchScreen;
				INFOPLIST_KEY_UIMainStoryboardFile = Main;
				INFOPLIST_KEY_UISupportedInterfaceOrientations_iPad = "UIInterfaceOrientationPortrait UIInterfaceOrientationPortraitUpsideDown UIInterfaceOrientationLandscapeLeft UIInterfaceOrientationLandscapeRight";
				INFOPLIST_KEY_UISupportedInterfaceOrientations_iPhone = "UIInterfaceOrientationPortrait UIInterfaceOrientationLandscapeLeft UIInterfaceOrientationLandscapeRight";
				LD_RUNPATH_SEARCH_PATHS = (
					"$(inherited)",
					"@executable_path/Frameworks",
				);
				MARKETING_VERSION = 1.0;
				PRODUCT_BUNDLE_IDENTIFIER = com.alex.apostol.EssentialFeed;
				PRODUCT_NAME = "$(TARGET_NAME)";
				SWIFT_EMIT_LOC_STRINGS = YES;
				SWIFT_VERSION = 5.0;
				TARGETED_DEVICE_FAMILY = "1,2";
			};
			name = Release;
		};
		CBA28B772B03427800D3BD25 /* Debug */ = {
			isa = XCBuildConfiguration;
			buildSettings = {
				ALWAYS_EMBED_SWIFT_STANDARD_LIBRARIES = YES;
				BUNDLE_LOADER = "$(TEST_HOST)";
				CODE_SIGN_STYLE = Automatic;
				CURRENT_PROJECT_VERSION = 1;
				DEVELOPMENT_TEAM = 8DURMPUBZ2;
				GENERATE_INFOPLIST_FILE = YES;
				IPHONEOS_DEPLOYMENT_TARGET = 17.0;
				MARKETING_VERSION = 1.0;
				PRODUCT_BUNDLE_IDENTIFIER = com.alex.apostol.EssentialFeedTests;
				PRODUCT_NAME = "$(TARGET_NAME)";
				SWIFT_EMIT_LOC_STRINGS = NO;
				SWIFT_VERSION = 5.0;
				TARGETED_DEVICE_FAMILY = "1,2";
				TEST_HOST = "$(BUILT_PRODUCTS_DIR)/EssentialFeed.app/$(BUNDLE_EXECUTABLE_FOLDER_PATH)/EssentialFeed";
			};
			name = Debug;
		};
		CBA28B782B03427800D3BD25 /* Release */ = {
			isa = XCBuildConfiguration;
			buildSettings = {
				ALWAYS_EMBED_SWIFT_STANDARD_LIBRARIES = YES;
				BUNDLE_LOADER = "$(TEST_HOST)";
				CODE_SIGN_STYLE = Automatic;
				CURRENT_PROJECT_VERSION = 1;
				DEVELOPMENT_TEAM = 8DURMPUBZ2;
				GENERATE_INFOPLIST_FILE = YES;
				IPHONEOS_DEPLOYMENT_TARGET = 17.0;
				MARKETING_VERSION = 1.0;
				PRODUCT_BUNDLE_IDENTIFIER = com.alex.apostol.EssentialFeedTests;
				PRODUCT_NAME = "$(TARGET_NAME)";
				SWIFT_EMIT_LOC_STRINGS = NO;
				SWIFT_VERSION = 5.0;
				TARGETED_DEVICE_FAMILY = "1,2";
				TEST_HOST = "$(BUILT_PRODUCTS_DIR)/EssentialFeed.app/$(BUNDLE_EXECUTABLE_FOLDER_PATH)/EssentialFeed";
			};
			name = Release;
		};
		CBA28B7A2B03427800D3BD25 /* Debug */ = {
			isa = XCBuildConfiguration;
			buildSettings = {
				ALWAYS_EMBED_SWIFT_STANDARD_LIBRARIES = YES;
				CODE_SIGN_STYLE = Automatic;
				CURRENT_PROJECT_VERSION = 1;
				DEVELOPMENT_TEAM = 8DURMPUBZ2;
				GENERATE_INFOPLIST_FILE = YES;
				MARKETING_VERSION = 1.0;
				PRODUCT_BUNDLE_IDENTIFIER = com.alex.apostol.EssentialFeedUITests;
				PRODUCT_NAME = "$(TARGET_NAME)";
				SWIFT_EMIT_LOC_STRINGS = NO;
				SWIFT_VERSION = 5.0;
				TARGETED_DEVICE_FAMILY = "1,2";
				TEST_TARGET_NAME = EssentialFeed;
			};
			name = Debug;
		};
		CBA28B7B2B03427800D3BD25 /* Release */ = {
			isa = XCBuildConfiguration;
			buildSettings = {
				ALWAYS_EMBED_SWIFT_STANDARD_LIBRARIES = YES;
				CODE_SIGN_STYLE = Automatic;
				CURRENT_PROJECT_VERSION = 1;
				DEVELOPMENT_TEAM = 8DURMPUBZ2;
				GENERATE_INFOPLIST_FILE = YES;
				MARKETING_VERSION = 1.0;
				PRODUCT_BUNDLE_IDENTIFIER = com.alex.apostol.EssentialFeedUITests;
				PRODUCT_NAME = "$(TARGET_NAME)";
				SWIFT_EMIT_LOC_STRINGS = NO;
				SWIFT_VERSION = 5.0;
				TARGETED_DEVICE_FAMILY = "1,2";
				TEST_TARGET_NAME = EssentialFeed;
			};
			name = Release;
		};
/* End XCBuildConfiguration section */

/* Begin XCConfigurationList section */
		CBA28B442B03427600D3BD25 /* Build configuration list for PBXProject "EssentialFeed" */ = {
			isa = XCConfigurationList;
			buildConfigurations = (
				CBA28B712B03427800D3BD25 /* Debug */,
				CBA28B722B03427800D3BD25 /* Release */,
			);
			defaultConfigurationIsVisible = 0;
			defaultConfigurationName = Release;
		};
		CBA28B732B03427800D3BD25 /* Build configuration list for PBXNativeTarget "EssentialFeed" */ = {
			isa = XCConfigurationList;
			buildConfigurations = (
				CBA28B742B03427800D3BD25 /* Debug */,
				CBA28B752B03427800D3BD25 /* Release */,
			);
			defaultConfigurationIsVisible = 0;
			defaultConfigurationName = Release;
		};
		CBA28B762B03427800D3BD25 /* Build configuration list for PBXNativeTarget "EssentialFeedTests" */ = {
			isa = XCConfigurationList;
			buildConfigurations = (
				CBA28B772B03427800D3BD25 /* Debug */,
				CBA28B782B03427800D3BD25 /* Release */,
			);
			defaultConfigurationIsVisible = 0;
			defaultConfigurationName = Release;
		};
		CBA28B792B03427800D3BD25 /* Build configuration list for PBXNativeTarget "EssentialFeedUITests" */ = {
			isa = XCConfigurationList;
			buildConfigurations = (
				CBA28B7A2B03427800D3BD25 /* Debug */,
				CBA28B7B2B03427800D3BD25 /* Release */,
			);
			defaultConfigurationIsVisible = 0;
			defaultConfigurationName = Release;
		};
/* End XCConfigurationList section */
	};
	rootObject = CBA28B412B03427600D3BD25 /* Project object */;
}
